// !$*UTF8*$!
{
	archiveVersion = 1;
	classes = {
	};
	objectVersion = 46;
	objects = {

/* Begin PBXBuildFile section */
		BB654AAC19F11F7F00532038 /* Foundation.framework in Frameworks */ = {isa = PBXBuildFile; fileRef = BB654AAB19F11F7F00532038 /* Foundation.framework */; };
		BB654AAE19F11F7F00532038 /* CoreGraphics.framework in Frameworks */ = {isa = PBXBuildFile; fileRef = BB654AAD19F11F7F00532038 /* CoreGraphics.framework */; };
		BB654AB019F11F7F00532038 /* UIKit.framework in Frameworks */ = {isa = PBXBuildFile; fileRef = BB654AAF19F11F7F00532038 /* UIKit.framework */; };
		BB654AB219F11F7F00532038 /* CoreData.framework in Frameworks */ = {isa = PBXBuildFile; fileRef = BB654AB119F11F7F00532038 /* CoreData.framework */; };
		BB654AB819F11F7F00532038 /* InfoPlist.strings in Resources */ = {isa = PBXBuildFile; fileRef = BB654AB619F11F7F00532038 /* InfoPlist.strings */; };
		BB654ABA19F11F7F00532038 /* main.m in Sources */ = {isa = PBXBuildFile; fileRef = BB654AB919F11F7F00532038 /* main.m */; };
		BB654ABE19F11F7F00532038 /* HDLAppDelegate.m in Sources */ = {isa = PBXBuildFile; fileRef = BB654ABD19F11F7F00532038 /* HDLAppDelegate.m */; };
		BB654AC119F11F7F00532038 /* InterpersonalRelationsPlatform.xcdatamodeld in Sources */ = {isa = PBXBuildFile; fileRef = BB654ABF19F11F7F00532038 /* InterpersonalRelationsPlatform.xcdatamodeld */; };
		BB654AC319F11F7F00532038 /* Images.xcassets in Resources */ = {isa = PBXBuildFile; fileRef = BB654AC219F11F7F00532038 /* Images.xcassets */; };
		BB654ACA19F11F7F00532038 /* XCTest.framework in Frameworks */ = {isa = PBXBuildFile; fileRef = BB654AC919F11F7F00532038 /* XCTest.framework */; };
		BB654ACB19F11F7F00532038 /* Foundation.framework in Frameworks */ = {isa = PBXBuildFile; fileRef = BB654AAB19F11F7F00532038 /* Foundation.framework */; };
		BB654ACC19F11F7F00532038 /* UIKit.framework in Frameworks */ = {isa = PBXBuildFile; fileRef = BB654AAF19F11F7F00532038 /* UIKit.framework */; };
		BB654ACD19F11F7F00532038 /* CoreData.framework in Frameworks */ = {isa = PBXBuildFile; fileRef = BB654AB119F11F7F00532038 /* CoreData.framework */; };
		BB654AD519F11F7F00532038 /* InfoPlist.strings in Resources */ = {isa = PBXBuildFile; fileRef = BB654AD319F11F7F00532038 /* InfoPlist.strings */; };
		BB654AD719F11F7F00532038 /* InterpersonalRelationsPlatformTests.m in Sources */ = {isa = PBXBuildFile; fileRef = BB654AD619F11F7F00532038 /* InterpersonalRelationsPlatformTests.m */; };
		BB654AEF19F1229200532038 /* btn_maintab_explore_nor@2x.png in Resources */ = {isa = PBXBuildFile; fileRef = BB654AE519F1229200532038 /* btn_maintab_explore_nor@2x.png */; };
		BB654AF019F1229200532038 /* btn_maintab_explore_press@2x.png in Resources */ = {isa = PBXBuildFile; fileRef = BB654AE619F1229200532038 /* btn_maintab_explore_press@2x.png */; };
		BB654AF119F1229200532038 /* btn_maintab_home_nor@2x.png in Resources */ = {isa = PBXBuildFile; fileRef = BB654AE719F1229200532038 /* btn_maintab_home_nor@2x.png */; };
		BB654AF219F1229200532038 /* btn_maintab_home_press@2x.png in Resources */ = {isa = PBXBuildFile; fileRef = BB654AE819F1229200532038 /* btn_maintab_home_press@2x.png */; };
		BB654AF319F1229200532038 /* btn_maintab_me_female_nor@2x.png in Resources */ = {isa = PBXBuildFile; fileRef = BB654AE919F1229200532038 /* btn_maintab_me_female_nor@2x.png */; };
		BB654AF419F1229200532038 /* btn_maintab_me_female_press@2x.png in Resources */ = {isa = PBXBuildFile; fileRef = BB654AEA19F1229200532038 /* btn_maintab_me_female_press@2x.png */; };
		BB654AF519F1229200532038 /* btn_maintab_me_male_nor@2x.png in Resources */ = {isa = PBXBuildFile; fileRef = BB654AEB19F1229200532038 /* btn_maintab_me_male_nor@2x.png */; };
		BB654AF619F1229200532038 /* btn_maintab_me_male_press@2x.png in Resources */ = {isa = PBXBuildFile; fileRef = BB654AEC19F1229200532038 /* btn_maintab_me_male_press@2x.png */; };
		BB654AF719F1229200532038 /* btn_maintab_message_nor@2x.png in Resources */ = {isa = PBXBuildFile; fileRef = BB654AED19F1229200532038 /* btn_maintab_message_nor@2x.png */; };
		BB654AF819F1229200532038 /* btn_maintab_message_press@2x.png in Resources */ = {isa = PBXBuildFile; fileRef = BB654AEE19F1229200532038 /* btn_maintab_message_press@2x.png */; };
		BB654B4719F1276D00532038 /* _weibo_api_8h_source.html in Resources */ = {isa = PBXBuildFile; fileRef = BB654AFD19F1276D00532038 /* _weibo_api_8h_source.html */; };
		BB654B4819F1276D00532038 /* _weibo_api_object_8h_source.html in Resources */ = {isa = PBXBuildFile; fileRef = BB654AFE19F1276D00532038 /* _weibo_api_object_8h_source.html */; };
		BB654B4919F1276D00532038 /* annotated.html in Resources */ = {isa = PBXBuildFile; fileRef = BB654AFF19F1276D00532038 /* annotated.html */; };
		BB654B4A19F1276D00532038 /* annotated.js in Sources */ = {isa = PBXBuildFile; fileRef = BB654B0019F1276D00532038 /* annotated.js */; };
		BB654B4B19F1276D00532038 /* bc_s.png in Resources */ = {isa = PBXBuildFile; fileRef = BB654B0119F1276D00532038 /* bc_s.png */; };
		BB654B4C19F1276D00532038 /* bdwn.png in Resources */ = {isa = PBXBuildFile; fileRef = BB654B0219F1276D00532038 /* bdwn.png */; };
		BB654B4D19F1276D00532038 /* class_weibo_api-members.html in Resources */ = {isa = PBXBuildFile; fileRef = BB654B0319F1276D00532038 /* class_weibo_api-members.html */; };
		BB654B4E19F1276D00532038 /* class_weibo_api_object-members.html in Resources */ = {isa = PBXBuildFile; fileRef = BB654B0419F1276D00532038 /* class_weibo_api_object-members.html */; };
		BB654B4F19F1276D00532038 /* classes.html in Resources */ = {isa = PBXBuildFile; fileRef = BB654B0519F1276D00532038 /* classes.html */; };
		BB654B5019F1276D00532038 /* closed.png in Resources */ = {isa = PBXBuildFile; fileRef = BB654B0619F1276D00532038 /* closed.png */; };
		BB654B5119F1276D00532038 /* dir_6537656865ee3923719aa1a57f584d1d.html in Resources */ = {isa = PBXBuildFile; fileRef = BB654B0719F1276D00532038 /* dir_6537656865ee3923719aa1a57f584d1d.html */; };
		BB654B5219F1276D00532038 /* doxygen.css in Resources */ = {isa = PBXBuildFile; fileRef = BB654B0819F1276D00532038 /* doxygen.css */; };
		BB654B5319F1276D00532038 /* doxygen.png in Resources */ = {isa = PBXBuildFile; fileRef = BB654B0919F1276D00532038 /* doxygen.png */; };
		BB654B5419F1276D00532038 /* dynsections.js in Sources */ = {isa = PBXBuildFile; fileRef = BB654B0A19F1276D00532038 /* dynsections.js */; };
		BB654B5519F1276D00532038 /* ftv2blank.png in Resources */ = {isa = PBXBuildFile; fileRef = BB654B0B19F1276D00532038 /* ftv2blank.png */; };
		BB654B5619F1276D00532038 /* ftv2cl.png in Resources */ = {isa = PBXBuildFile; fileRef = BB654B0C19F1276D00532038 /* ftv2cl.png */; };
		BB654B5719F1276D00532038 /* ftv2doc.png in Resources */ = {isa = PBXBuildFile; fileRef = BB654B0D19F1276D00532038 /* ftv2doc.png */; };
		BB654B5819F1276D00532038 /* ftv2folderclosed.png in Resources */ = {isa = PBXBuildFile; fileRef = BB654B0E19F1276D00532038 /* ftv2folderclosed.png */; };
		BB654B5919F1276D00532038 /* ftv2folderopen.png in Resources */ = {isa = PBXBuildFile; fileRef = BB654B0F19F1276D00532038 /* ftv2folderopen.png */; };
		BB654B5A19F1276D00532038 /* ftv2lastnode.png in Resources */ = {isa = PBXBuildFile; fileRef = BB654B1019F1276D00532038 /* ftv2lastnode.png */; };
		BB654B5B19F1276D00532038 /* ftv2link.png in Resources */ = {isa = PBXBuildFile; fileRef = BB654B1119F1276D00532038 /* ftv2link.png */; };
		BB654B5C19F1276D00532038 /* ftv2mlastnode.png in Resources */ = {isa = PBXBuildFile; fileRef = BB654B1219F1276D00532038 /* ftv2mlastnode.png */; };
		BB654B5D19F1276D00532038 /* ftv2mnode.png in Resources */ = {isa = PBXBuildFile; fileRef = BB654B1319F1276D00532038 /* ftv2mnode.png */; };
		BB654B5E19F1276D00532038 /* ftv2mo.png in Resources */ = {isa = PBXBuildFile; fileRef = BB654B1419F1276D00532038 /* ftv2mo.png */; };
		BB654B5F19F1276D00532038 /* ftv2node.png in Resources */ = {isa = PBXBuildFile; fileRef = BB654B1519F1276D00532038 /* ftv2node.png */; };
		BB654B6019F1276D00532038 /* ftv2ns.png in Resources */ = {isa = PBXBuildFile; fileRef = BB654B1619F1276D00532038 /* ftv2ns.png */; };
		BB654B6119F1276D00532038 /* ftv2plastnode.png in Resources */ = {isa = PBXBuildFile; fileRef = BB654B1719F1276D00532038 /* ftv2plastnode.png */; };
		BB654B6219F1276D00532038 /* ftv2pnode.png in Resources */ = {isa = PBXBuildFile; fileRef = BB654B1819F1276D00532038 /* ftv2pnode.png */; };
		BB654B6319F1276D00532038 /* ftv2splitbar.png in Resources */ = {isa = PBXBuildFile; fileRef = BB654B1919F1276D00532038 /* ftv2splitbar.png */; };
		BB654B6419F1276D00532038 /* ftv2vertline.png in Resources */ = {isa = PBXBuildFile; fileRef = BB654B1A19F1276D00532038 /* ftv2vertline.png */; };
		BB654B6519F1276D00532038 /* functions.html in Resources */ = {isa = PBXBuildFile; fileRef = BB654B1B19F1276D00532038 /* functions.html */; };
		BB654B6619F1276D00532038 /* functions_func.html in Resources */ = {isa = PBXBuildFile; fileRef = BB654B1C19F1276D00532038 /* functions_func.html */; };
		BB654B6719F1276D00532038 /* functions_prop.html in Resources */ = {isa = PBXBuildFile; fileRef = BB654B1D19F1276D00532038 /* functions_prop.html */; };
		BB654B6819F1276D00532038 /* functions_vars.html in Resources */ = {isa = PBXBuildFile; fileRef = BB654B1E19F1276D00532038 /* functions_vars.html */; };
		BB654B6919F1276D00532038 /* hierarchy.html in Resources */ = {isa = PBXBuildFile; fileRef = BB654B1F19F1276D00532038 /* hierarchy.html */; };
		BB654B6A19F1276D00532038 /* hierarchy.js in Sources */ = {isa = PBXBuildFile; fileRef = BB654B2019F1276D00532038 /* hierarchy.js */; };
		BB654B6B19F1276D00532038 /* icon.png in Resources */ = {isa = PBXBuildFile; fileRef = BB654B2119F1276D00532038 /* icon.png */; };
		BB654B6C19F1276D00532038 /* index.html in Resources */ = {isa = PBXBuildFile; fileRef = BB654B2219F1276D00532038 /* index.html */; };
		BB654B6D19F1276D00532038 /* interface_weibo_api.html in Resources */ = {isa = PBXBuildFile; fileRef = BB654B2319F1276D00532038 /* interface_weibo_api.html */; };
		BB654B6E19F1276D00532038 /* interface_weibo_api.js in Sources */ = {isa = PBXBuildFile; fileRef = BB654B2419F1276D00532038 /* interface_weibo_api.js */; };
		BB654B6F19F1276D00532038 /* interface_weibo_api.png in Resources */ = {isa = PBXBuildFile; fileRef = BB654B2519F1276D00532038 /* interface_weibo_api.png */; };
		BB654B7019F1276D00532038 /* interface_weibo_api_object.html in Resources */ = {isa = PBXBuildFile; fileRef = BB654B2619F1276D00532038 /* interface_weibo_api_object.html */; };
		BB654B7119F1276D00532038 /* interface_weibo_api_object.js in Sources */ = {isa = PBXBuildFile; fileRef = BB654B2719F1276D00532038 /* interface_weibo_api_object.js */; };
		BB654B7219F1276D00532038 /* interface_weibo_api_object.png in Resources */ = {isa = PBXBuildFile; fileRef = BB654B2819F1276D00532038 /* interface_weibo_api_object.png */; };
		BB654B7319F1276D00532038 /* jquery.js in Sources */ = {isa = PBXBuildFile; fileRef = BB654B2919F1276D00532038 /* jquery.js */; };
		BB654B7419F1276D00532038 /* nav_f.png in Resources */ = {isa = PBXBuildFile; fileRef = BB654B2A19F1276D00532038 /* nav_f.png */; };
		BB654B7519F1276D00532038 /* nav_g.png in Resources */ = {isa = PBXBuildFile; fileRef = BB654B2B19F1276D00532038 /* nav_g.png */; };
		BB654B7619F1276D00532038 /* nav_h.png in Resources */ = {isa = PBXBuildFile; fileRef = BB654B2C19F1276D00532038 /* nav_h.png */; };
		BB654B7719F1276D00532038 /* navtree.css in Resources */ = {isa = PBXBuildFile; fileRef = BB654B2D19F1276D00532038 /* navtree.css */; };
		BB654B7819F1276D00532038 /* navtree.js in Sources */ = {isa = PBXBuildFile; fileRef = BB654B2E19F1276D00532038 /* navtree.js */; };
		BB654B7919F1276D00532038 /* navtreeindex0.js in Sources */ = {isa = PBXBuildFile; fileRef = BB654B2F19F1276D00532038 /* navtreeindex0.js */; };
		BB654B7A19F1276D00532038 /* open.png in Resources */ = {isa = PBXBuildFile; fileRef = BB654B3019F1276D00532038 /* open.png */; };
		BB654B7B19F1276D00532038 /* protocol_weibo_auth_delegate-p-members.html in Resources */ = {isa = PBXBuildFile; fileRef = BB654B3119F1276D00532038 /* protocol_weibo_auth_delegate-p-members.html */; };
		BB654B7C19F1276D00532038 /* protocol_weibo_auth_delegate-p.html in Resources */ = {isa = PBXBuildFile; fileRef = BB654B3219F1276D00532038 /* protocol_weibo_auth_delegate-p.html */; };
		BB654B7D19F1276D00532038 /* protocol_weibo_auth_delegate-p.js in Sources */ = {isa = PBXBuildFile; fileRef = BB654B3319F1276D00532038 /* protocol_weibo_auth_delegate-p.js */; };
		BB654B7E19F1276D00532038 /* protocol_weibo_auth_delegate-p.png in Resources */ = {isa = PBXBuildFile; fileRef = BB654B3419F1276D00532038 /* protocol_weibo_auth_delegate-p.png */; };
		BB654B7F19F1276D00532038 /* protocol_weibo_request_delegate-p-members.html in Resources */ = {isa = PBXBuildFile; fileRef = BB654B3519F1276D00532038 /* protocol_weibo_request_delegate-p-members.html */; };
		BB654B8019F1276D00532038 /* protocol_weibo_request_delegate-p.html in Resources */ = {isa = PBXBuildFile; fileRef = BB654B3619F1276D00532038 /* protocol_weibo_request_delegate-p.html */; };
		BB654B8119F1276D00532038 /* protocol_weibo_request_delegate-p.js in Sources */ = {isa = PBXBuildFile; fileRef = BB654B3719F1276D00532038 /* protocol_weibo_request_delegate-p.js */; };
		BB654B8219F1276D00532038 /* protocol_weibo_request_delegate-p.png in Resources */ = {isa = PBXBuildFile; fileRef = BB654B3819F1276D00532038 /* protocol_weibo_request_delegate-p.png */; };
		BB654B8319F1276D00532038 /* resize.js in Sources */ = {isa = PBXBuildFile; fileRef = BB654B3919F1276D00532038 /* resize.js */; };
		BB654B8419F1276D00532038 /* sync_off.png in Resources */ = {isa = PBXBuildFile; fileRef = BB654B3A19F1276D00532038 /* sync_off.png */; };
		BB654B8519F1276D00532038 /* sync_on.png in Resources */ = {isa = PBXBuildFile; fileRef = BB654B3B19F1276D00532038 /* sync_on.png */; };
		BB654B8619F1276D00532038 /* tab_a.png in Resources */ = {isa = PBXBuildFile; fileRef = BB654B3C19F1276D00532038 /* tab_a.png */; };
		BB654B8719F1276D00532038 /* tab_b.png in Resources */ = {isa = PBXBuildFile; fileRef = BB654B3D19F1276D00532038 /* tab_b.png */; };
		BB654B8819F1276D00532038 /* tab_h.png in Resources */ = {isa = PBXBuildFile; fileRef = BB654B3E19F1276D00532038 /* tab_h.png */; };
		BB654B8919F1276D00532038 /* tab_s.png in Resources */ = {isa = PBXBuildFile; fileRef = BB654B3F19F1276D00532038 /* tab_s.png */; };
		BB654B8A19F1276D00532038 /* tabs.css in Resources */ = {isa = PBXBuildFile; fileRef = BB654B4019F1276D00532038 /* tabs.css */; };
		BB654B8D19F1276D00532038 /* libTCWeiboSDK.a in Frameworks */ = {isa = PBXBuildFile; fileRef = BB654B4419F1276D00532038 /* libTCWeiboSDK.a */; };
		BB654B8F19F1280300532038 /* SystemConfiguration.framework in Frameworks */ = {isa = PBXBuildFile; fileRef = BB654B8E19F1280300532038 /* SystemConfiguration.framework */; };
		BB79A09419F1FEE600FD47A6 /* HDLHomeViewController.m in Sources */ = {isa = PBXBuildFile; fileRef = BB79A09219F1FEE600FD47A6 /* HDLHomeViewController.m */; };
		BB79A09519F1FEE600FD47A6 /* HDLHomeViewController.xib in Resources */ = {isa = PBXBuildFile; fileRef = BB79A09319F1FEE600FD47A6 /* HDLHomeViewController.xib */; };
		BB79A09B19F1FFD900FD47A6 /* HDLAvatarImageView.m in Sources */ = {isa = PBXBuildFile; fileRef = BB79A09A19F1FFD900FD47A6 /* HDLAvatarImageView.m */; };
		BB79A0B919F21F8500FD47A6 /* HDLTXTwitterAuthorization.m in Sources */ = {isa = PBXBuildFile; fileRef = BB79A0B819F21F8500FD47A6 /* HDLTXTwitterAuthorization.m */; };
		BBA0BCA219F22BEE0027C5FD /* Social.framework in Frameworks */ = {isa = PBXBuildFile; fileRef = BBA0BCA119F22BEE0027C5FD /* Social.framework */; };
		BBA0BCA419F22C080027C5FD /* Accounts.framework in Frameworks */ = {isa = PBXBuildFile; fileRef = BBA0BCA319F22C080027C5FD /* Accounts.framework */; };
		BBA0BCA619F22C160027C5FD /* Security.framework in Frameworks */ = {isa = PBXBuildFile; fileRef = BBA0BCA519F22C160027C5FD /* Security.framework */; };
/* End PBXBuildFile section */

/* Begin PBXContainerItemProxy section */
		BB654ACE19F11F7F00532038 /* PBXContainerItemProxy */ = {
			isa = PBXContainerItemProxy;
			containerPortal = BB654AA019F11F7F00532038 /* Project object */;
			proxyType = 1;
			remoteGlobalIDString = BB654AA719F11F7F00532038;
			remoteInfo = InterpersonalRelationsPlatform;
		};
/* End PBXContainerItemProxy section */

/* Begin PBXFileReference section */
		BB654AA819F11F7F00532038 /* InterpersonalRelationsPlatform.app */ = {isa = PBXFileReference; explicitFileType = wrapper.application; includeInIndex = 0; path = InterpersonalRelationsPlatform.app; sourceTree = BUILT_PRODUCTS_DIR; };
		BB654AAB19F11F7F00532038 /* Foundation.framework */ = {isa = PBXFileReference; lastKnownFileType = wrapper.framework; name = Foundation.framework; path = System/Library/Frameworks/Foundation.framework; sourceTree = SDKROOT; };
		BB654AAD19F11F7F00532038 /* CoreGraphics.framework */ = {isa = PBXFileReference; lastKnownFileType = wrapper.framework; name = CoreGraphics.framework; path = System/Library/Frameworks/CoreGraphics.framework; sourceTree = SDKROOT; };
		BB654AAF19F11F7F00532038 /* UIKit.framework */ = {isa = PBXFileReference; lastKnownFileType = wrapper.framework; name = UIKit.framework; path = System/Library/Frameworks/UIKit.framework; sourceTree = SDKROOT; };
		BB654AB119F11F7F00532038 /* CoreData.framework */ = {isa = PBXFileReference; lastKnownFileType = wrapper.framework; name = CoreData.framework; path = System/Library/Frameworks/CoreData.framework; sourceTree = SDKROOT; };
		BB654AB519F11F7F00532038 /* InterpersonalRelationsPlatform-Info.plist */ = {isa = PBXFileReference; lastKnownFileType = text.plist.xml; path = "InterpersonalRelationsPlatform-Info.plist"; sourceTree = "<group>"; };
		BB654AB719F11F7F00532038 /* en */ = {isa = PBXFileReference; lastKnownFileType = text.plist.strings; name = en; path = en.lproj/InfoPlist.strings; sourceTree = "<group>"; };
		BB654AB919F11F7F00532038 /* main.m */ = {isa = PBXFileReference; lastKnownFileType = sourcecode.c.objc; path = main.m; sourceTree = "<group>"; };
		BB654ABB19F11F7F00532038 /* InterpersonalRelationsPlatform-Prefix.pch */ = {isa = PBXFileReference; lastKnownFileType = sourcecode.c.h; path = "InterpersonalRelationsPlatform-Prefix.pch"; sourceTree = "<group>"; };
		BB654ABC19F11F7F00532038 /* HDLAppDelegate.h */ = {isa = PBXFileReference; lastKnownFileType = sourcecode.c.h; path = HDLAppDelegate.h; sourceTree = "<group>"; };
		BB654ABD19F11F7F00532038 /* HDLAppDelegate.m */ = {isa = PBXFileReference; lastKnownFileType = sourcecode.c.objc; path = HDLAppDelegate.m; sourceTree = "<group>"; };
		BB654AC019F11F7F00532038 /* InterpersonalRelationsPlatform.xcdatamodel */ = {isa = PBXFileReference; lastKnownFileType = wrapper.xcdatamodel; path = InterpersonalRelationsPlatform.xcdatamodel; sourceTree = "<group>"; };
		BB654AC219F11F7F00532038 /* Images.xcassets */ = {isa = PBXFileReference; lastKnownFileType = folder.assetcatalog; path = Images.xcassets; sourceTree = "<group>"; };
		BB654AC819F11F7F00532038 /* InterpersonalRelationsPlatformTests.xctest */ = {isa = PBXFileReference; explicitFileType = wrapper.cfbundle; includeInIndex = 0; path = InterpersonalRelationsPlatformTests.xctest; sourceTree = BUILT_PRODUCTS_DIR; };
		BB654AC919F11F7F00532038 /* XCTest.framework */ = {isa = PBXFileReference; lastKnownFileType = wrapper.framework; name = XCTest.framework; path = Library/Frameworks/XCTest.framework; sourceTree = DEVELOPER_DIR; };
		BB654AD219F11F7F00532038 /* InterpersonalRelationsPlatformTests-Info.plist */ = {isa = PBXFileReference; lastKnownFileType = text.plist.xml; path = "InterpersonalRelationsPlatformTests-Info.plist"; sourceTree = "<group>"; };
		BB654AD419F11F7F00532038 /* en */ = {isa = PBXFileReference; lastKnownFileType = text.plist.strings; name = en; path = en.lproj/InfoPlist.strings; sourceTree = "<group>"; };
		BB654AD619F11F7F00532038 /* InterpersonalRelationsPlatformTests.m */ = {isa = PBXFileReference; lastKnownFileType = sourcecode.c.objc; path = InterpersonalRelationsPlatformTests.m; sourceTree = "<group>"; };
		BB654AE519F1229200532038 /* btn_maintab_explore_nor@2x.png */ = {isa = PBXFileReference; lastKnownFileType = image.png; path = "btn_maintab_explore_nor@2x.png"; sourceTree = "<group>"; };
		BB654AE619F1229200532038 /* btn_maintab_explore_press@2x.png */ = {isa = PBXFileReference; lastKnownFileType = image.png; path = "btn_maintab_explore_press@2x.png"; sourceTree = "<group>"; };
		BB654AE719F1229200532038 /* btn_maintab_home_nor@2x.png */ = {isa = PBXFileReference; lastKnownFileType = image.png; path = "btn_maintab_home_nor@2x.png"; sourceTree = "<group>"; };
		BB654AE819F1229200532038 /* btn_maintab_home_press@2x.png */ = {isa = PBXFileReference; lastKnownFileType = image.png; path = "btn_maintab_home_press@2x.png"; sourceTree = "<group>"; };
		BB654AE919F1229200532038 /* btn_maintab_me_female_nor@2x.png */ = {isa = PBXFileReference; lastKnownFileType = image.png; path = "btn_maintab_me_female_nor@2x.png"; sourceTree = "<group>"; };
		BB654AEA19F1229200532038 /* btn_maintab_me_female_press@2x.png */ = {isa = PBXFileReference; lastKnownFileType = image.png; path = "btn_maintab_me_female_press@2x.png"; sourceTree = "<group>"; };
		BB654AEB19F1229200532038 /* btn_maintab_me_male_nor@2x.png */ = {isa = PBXFileReference; lastKnownFileType = image.png; path = "btn_maintab_me_male_nor@2x.png"; sourceTree = "<group>"; };
		BB654AEC19F1229200532038 /* btn_maintab_me_male_press@2x.png */ = {isa = PBXFileReference; lastKnownFileType = image.png; path = "btn_maintab_me_male_press@2x.png"; sourceTree = "<group>"; };
		BB654AED19F1229200532038 /* btn_maintab_message_nor@2x.png */ = {isa = PBXFileReference; lastKnownFileType = image.png; path = "btn_maintab_message_nor@2x.png"; sourceTree = "<group>"; };
		BB654AEE19F1229200532038 /* btn_maintab_message_press@2x.png */ = {isa = PBXFileReference; lastKnownFileType = image.png; path = "btn_maintab_message_press@2x.png"; sourceTree = "<group>"; };
		BB654AFD19F1276D00532038 /* _weibo_api_8h_source.html */ = {isa = PBXFileReference; fileEncoding = 4; lastKnownFileType = text.html; path = _weibo_api_8h_source.html; sourceTree = "<group>"; };
		BB654AFE19F1276D00532038 /* _weibo_api_object_8h_source.html */ = {isa = PBXFileReference; fileEncoding = 4; lastKnownFileType = text.html; path = _weibo_api_object_8h_source.html; sourceTree = "<group>"; };
		BB654AFF19F1276D00532038 /* annotated.html */ = {isa = PBXFileReference; fileEncoding = 4; lastKnownFileType = text.html; path = annotated.html; sourceTree = "<group>"; };
		BB654B0019F1276D00532038 /* annotated.js */ = {isa = PBXFileReference; fileEncoding = 4; lastKnownFileType = sourcecode.javascript; path = annotated.js; sourceTree = "<group>"; };
		BB654B0119F1276D00532038 /* bc_s.png */ = {isa = PBXFileReference; lastKnownFileType = image.png; path = bc_s.png; sourceTree = "<group>"; };
		BB654B0219F1276D00532038 /* bdwn.png */ = {isa = PBXFileReference; lastKnownFileType = image.png; path = bdwn.png; sourceTree = "<group>"; };
		BB654B0319F1276D00532038 /* class_weibo_api-members.html */ = {isa = PBXFileReference; fileEncoding = 4; lastKnownFileType = text.html; path = "class_weibo_api-members.html"; sourceTree = "<group>"; };
		BB654B0419F1276D00532038 /* class_weibo_api_object-members.html */ = {isa = PBXFileReference; fileEncoding = 4; lastKnownFileType = text.html; path = "class_weibo_api_object-members.html"; sourceTree = "<group>"; };
		BB654B0519F1276D00532038 /* classes.html */ = {isa = PBXFileReference; fileEncoding = 4; lastKnownFileType = text.html; path = classes.html; sourceTree = "<group>"; };
		BB654B0619F1276D00532038 /* closed.png */ = {isa = PBXFileReference; lastKnownFileType = image.png; path = closed.png; sourceTree = "<group>"; };
		BB654B0719F1276D00532038 /* dir_6537656865ee3923719aa1a57f584d1d.html */ = {isa = PBXFileReference; fileEncoding = 4; lastKnownFileType = text.html; path = dir_6537656865ee3923719aa1a57f584d1d.html; sourceTree = "<group>"; };
		BB654B0819F1276D00532038 /* doxygen.css */ = {isa = PBXFileReference; fileEncoding = 4; lastKnownFileType = text.css; path = doxygen.css; sourceTree = "<group>"; };
		BB654B0919F1276D00532038 /* doxygen.png */ = {isa = PBXFileReference; lastKnownFileType = image.png; path = doxygen.png; sourceTree = "<group>"; };
		BB654B0A19F1276D00532038 /* dynsections.js */ = {isa = PBXFileReference; fileEncoding = 4; lastKnownFileType = sourcecode.javascript; path = dynsections.js; sourceTree = "<group>"; };
		BB654B0B19F1276D00532038 /* ftv2blank.png */ = {isa = PBXFileReference; lastKnownFileType = image.png; path = ftv2blank.png; sourceTree = "<group>"; };
		BB654B0C19F1276D00532038 /* ftv2cl.png */ = {isa = PBXFileReference; lastKnownFileType = image.png; path = ftv2cl.png; sourceTree = "<group>"; };
		BB654B0D19F1276D00532038 /* ftv2doc.png */ = {isa = PBXFileReference; lastKnownFileType = image.png; path = ftv2doc.png; sourceTree = "<group>"; };
		BB654B0E19F1276D00532038 /* ftv2folderclosed.png */ = {isa = PBXFileReference; lastKnownFileType = image.png; path = ftv2folderclosed.png; sourceTree = "<group>"; };
		BB654B0F19F1276D00532038 /* ftv2folderopen.png */ = {isa = PBXFileReference; lastKnownFileType = image.png; path = ftv2folderopen.png; sourceTree = "<group>"; };
		BB654B1019F1276D00532038 /* ftv2lastnode.png */ = {isa = PBXFileReference; lastKnownFileType = image.png; path = ftv2lastnode.png; sourceTree = "<group>"; };
		BB654B1119F1276D00532038 /* ftv2link.png */ = {isa = PBXFileReference; lastKnownFileType = image.png; path = ftv2link.png; sourceTree = "<group>"; };
		BB654B1219F1276D00532038 /* ftv2mlastnode.png */ = {isa = PBXFileReference; lastKnownFileType = image.png; path = ftv2mlastnode.png; sourceTree = "<group>"; };
		BB654B1319F1276D00532038 /* ftv2mnode.png */ = {isa = PBXFileReference; lastKnownFileType = image.png; path = ftv2mnode.png; sourceTree = "<group>"; };
		BB654B1419F1276D00532038 /* ftv2mo.png */ = {isa = PBXFileReference; lastKnownFileType = image.png; path = ftv2mo.png; sourceTree = "<group>"; };
		BB654B1519F1276D00532038 /* ftv2node.png */ = {isa = PBXFileReference; lastKnownFileType = image.png; path = ftv2node.png; sourceTree = "<group>"; };
		BB654B1619F1276D00532038 /* ftv2ns.png */ = {isa = PBXFileReference; lastKnownFileType = image.png; path = ftv2ns.png; sourceTree = "<group>"; };
		BB654B1719F1276D00532038 /* ftv2plastnode.png */ = {isa = PBXFileReference; lastKnownFileType = image.png; path = ftv2plastnode.png; sourceTree = "<group>"; };
		BB654B1819F1276D00532038 /* ftv2pnode.png */ = {isa = PBXFileReference; lastKnownFileType = image.png; path = ftv2pnode.png; sourceTree = "<group>"; };
		BB654B1919F1276D00532038 /* ftv2splitbar.png */ = {isa = PBXFileReference; lastKnownFileType = image.png; path = ftv2splitbar.png; sourceTree = "<group>"; };
		BB654B1A19F1276D00532038 /* ftv2vertline.png */ = {isa = PBXFileReference; lastKnownFileType = image.png; path = ftv2vertline.png; sourceTree = "<group>"; };
		BB654B1B19F1276D00532038 /* functions.html */ = {isa = PBXFileReference; fileEncoding = 4; lastKnownFileType = text.html; path = functions.html; sourceTree = "<group>"; };
		BB654B1C19F1276D00532038 /* functions_func.html */ = {isa = PBXFileReference; fileEncoding = 4; lastKnownFileType = text.html; path = functions_func.html; sourceTree = "<group>"; };
		BB654B1D19F1276D00532038 /* functions_prop.html */ = {isa = PBXFileReference; fileEncoding = 4; lastKnownFileType = text.html; path = functions_prop.html; sourceTree = "<group>"; };
		BB654B1E19F1276D00532038 /* functions_vars.html */ = {isa = PBXFileReference; fileEncoding = 4; lastKnownFileType = text.html; path = functions_vars.html; sourceTree = "<group>"; };
		BB654B1F19F1276D00532038 /* hierarchy.html */ = {isa = PBXFileReference; fileEncoding = 4; lastKnownFileType = text.html; path = hierarchy.html; sourceTree = "<group>"; };
		BB654B2019F1276D00532038 /* hierarchy.js */ = {isa = PBXFileReference; fileEncoding = 4; lastKnownFileType = sourcecode.javascript; path = hierarchy.js; sourceTree = "<group>"; };
		BB654B2119F1276D00532038 /* icon.png */ = {isa = PBXFileReference; lastKnownFileType = image.png; path = icon.png; sourceTree = "<group>"; };
		BB654B2219F1276D00532038 /* index.html */ = {isa = PBXFileReference; fileEncoding = 4; lastKnownFileType = text.html; path = index.html; sourceTree = "<group>"; };
		BB654B2319F1276D00532038 /* interface_weibo_api.html */ = {isa = PBXFileReference; fileEncoding = 4; lastKnownFileType = text.html; path = interface_weibo_api.html; sourceTree = "<group>"; };
		BB654B2419F1276D00532038 /* interface_weibo_api.js */ = {isa = PBXFileReference; fileEncoding = 4; lastKnownFileType = sourcecode.javascript; path = interface_weibo_api.js; sourceTree = "<group>"; };
		BB654B2519F1276D00532038 /* interface_weibo_api.png */ = {isa = PBXFileReference; lastKnownFileType = image.png; path = interface_weibo_api.png; sourceTree = "<group>"; };
		BB654B2619F1276D00532038 /* interface_weibo_api_object.html */ = {isa = PBXFileReference; fileEncoding = 4; lastKnownFileType = text.html; path = interface_weibo_api_object.html; sourceTree = "<group>"; };
		BB654B2719F1276D00532038 /* interface_weibo_api_object.js */ = {isa = PBXFileReference; fileEncoding = 4; lastKnownFileType = sourcecode.javascript; path = interface_weibo_api_object.js; sourceTree = "<group>"; };
		BB654B2819F1276D00532038 /* interface_weibo_api_object.png */ = {isa = PBXFileReference; lastKnownFileType = image.png; path = interface_weibo_api_object.png; sourceTree = "<group>"; };
		BB654B2919F1276D00532038 /* jquery.js */ = {isa = PBXFileReference; fileEncoding = 4; lastKnownFileType = sourcecode.javascript; path = jquery.js; sourceTree = "<group>"; };
		BB654B2A19F1276D00532038 /* nav_f.png */ = {isa = PBXFileReference; lastKnownFileType = image.png; path = nav_f.png; sourceTree = "<group>"; };
		BB654B2B19F1276D00532038 /* nav_g.png */ = {isa = PBXFileReference; lastKnownFileType = image.png; path = nav_g.png; sourceTree = "<group>"; };
		BB654B2C19F1276D00532038 /* nav_h.png */ = {isa = PBXFileReference; lastKnownFileType = image.png; path = nav_h.png; sourceTree = "<group>"; };
		BB654B2D19F1276D00532038 /* navtree.css */ = {isa = PBXFileReference; fileEncoding = 4; lastKnownFileType = text.css; path = navtree.css; sourceTree = "<group>"; };
		BB654B2E19F1276D00532038 /* navtree.js */ = {isa = PBXFileReference; fileEncoding = 4; lastKnownFileType = sourcecode.javascript; path = navtree.js; sourceTree = "<group>"; };
		BB654B2F19F1276D00532038 /* navtreeindex0.js */ = {isa = PBXFileReference; fileEncoding = 4; lastKnownFileType = sourcecode.javascript; path = navtreeindex0.js; sourceTree = "<group>"; };
		BB654B3019F1276D00532038 /* open.png */ = {isa = PBXFileReference; lastKnownFileType = image.png; path = open.png; sourceTree = "<group>"; };
		BB654B3119F1276D00532038 /* protocol_weibo_auth_delegate-p-members.html */ = {isa = PBXFileReference; fileEncoding = 4; lastKnownFileType = text.html; path = "protocol_weibo_auth_delegate-p-members.html"; sourceTree = "<group>"; };
		BB654B3219F1276D00532038 /* protocol_weibo_auth_delegate-p.html */ = {isa = PBXFileReference; fileEncoding = 4; lastKnownFileType = text.html; path = "protocol_weibo_auth_delegate-p.html"; sourceTree = "<group>"; };
		BB654B3319F1276D00532038 /* protocol_weibo_auth_delegate-p.js */ = {isa = PBXFileReference; fileEncoding = 4; lastKnownFileType = sourcecode.javascript; path = "protocol_weibo_auth_delegate-p.js"; sourceTree = "<group>"; };
		BB654B3419F1276D00532038 /* protocol_weibo_auth_delegate-p.png */ = {isa = PBXFileReference; lastKnownFileType = image.png; path = "protocol_weibo_auth_delegate-p.png"; sourceTree = "<group>"; };
		BB654B3519F1276D00532038 /* protocol_weibo_request_delegate-p-members.html */ = {isa = PBXFileReference; fileEncoding = 4; lastKnownFileType = text.html; path = "protocol_weibo_request_delegate-p-members.html"; sourceTree = "<group>"; };
		BB654B3619F1276D00532038 /* protocol_weibo_request_delegate-p.html */ = {isa = PBXFileReference; fileEncoding = 4; lastKnownFileType = text.html; path = "protocol_weibo_request_delegate-p.html"; sourceTree = "<group>"; };
		BB654B3719F1276D00532038 /* protocol_weibo_request_delegate-p.js */ = {isa = PBXFileReference; fileEncoding = 4; lastKnownFileType = sourcecode.javascript; path = "protocol_weibo_request_delegate-p.js"; sourceTree = "<group>"; };
		BB654B3819F1276D00532038 /* protocol_weibo_request_delegate-p.png */ = {isa = PBXFileReference; lastKnownFileType = image.png; path = "protocol_weibo_request_delegate-p.png"; sourceTree = "<group>"; };
		BB654B3919F1276D00532038 /* resize.js */ = {isa = PBXFileReference; fileEncoding = 4; lastKnownFileType = sourcecode.javascript; path = resize.js; sourceTree = "<group>"; };
		BB654B3A19F1276D00532038 /* sync_off.png */ = {isa = PBXFileReference; lastKnownFileType = image.png; path = sync_off.png; sourceTree = "<group>"; };
		BB654B3B19F1276D00532038 /* sync_on.png */ = {isa = PBXFileReference; lastKnownFileType = image.png; path = sync_on.png; sourceTree = "<group>"; };
		BB654B3C19F1276D00532038 /* tab_a.png */ = {isa = PBXFileReference; lastKnownFileType = image.png; path = tab_a.png; sourceTree = "<group>"; };
		BB654B3D19F1276D00532038 /* tab_b.png */ = {isa = PBXFileReference; lastKnownFileType = image.png; path = tab_b.png; sourceTree = "<group>"; };
		BB654B3E19F1276D00532038 /* tab_h.png */ = {isa = PBXFileReference; lastKnownFileType = image.png; path = tab_h.png; sourceTree = "<group>"; };
		BB654B3F19F1276D00532038 /* tab_s.png */ = {isa = PBXFileReference; lastKnownFileType = image.png; path = tab_s.png; sourceTree = "<group>"; };
		BB654B4019F1276D00532038 /* tabs.css */ = {isa = PBXFileReference; fileEncoding = 4; lastKnownFileType = text.css; path = tabs.css; sourceTree = "<group>"; };
		BB654B4219F1276D00532038 /* libTCWeiboSDK-arm.a */ = {isa = PBXFileReference; lastKnownFileType = archive.ar; path = "libTCWeiboSDK-arm.a"; sourceTree = "<group>"; };
		BB654B4319F1276D00532038 /* libTCWeiboSDK-i386.a */ = {isa = PBXFileReference; lastKnownFileType = archive.ar; path = "libTCWeiboSDK-i386.a"; sourceTree = "<group>"; };
		BB654B4419F1276D00532038 /* libTCWeiboSDK.a */ = {isa = PBXFileReference; lastKnownFileType = archive.ar; path = libTCWeiboSDK.a; sourceTree = "<group>"; };
		BB654B4519F1276D00532038 /* WeiboApi.h */ = {isa = PBXFileReference; fileEncoding = 4; lastKnownFileType = sourcecode.c.h; path = WeiboApi.h; sourceTree = "<group>"; };
		BB654B4619F1276D00532038 /* WeiboApiObject.h */ = {isa = PBXFileReference; fileEncoding = 4; lastKnownFileType = sourcecode.c.h; path = WeiboApiObject.h; sourceTree = "<group>"; };
		BB654B8E19F1280300532038 /* SystemConfiguration.framework */ = {isa = PBXFileReference; lastKnownFileType = wrapper.framework; name = SystemConfiguration.framework; path = System/Library/Frameworks/SystemConfiguration.framework; sourceTree = SDKROOT; };
		BB79A09119F1FEE600FD47A6 /* HDLHomeViewController.h */ = {isa = PBXFileReference; fileEncoding = 4; lastKnownFileType = sourcecode.c.h; path = HDLHomeViewController.h; sourceTree = "<group>"; };
		BB79A09219F1FEE600FD47A6 /* HDLHomeViewController.m */ = {isa = PBXFileReference; fileEncoding = 4; lastKnownFileType = sourcecode.c.objc; path = HDLHomeViewController.m; sourceTree = "<group>"; };
		BB79A09319F1FEE600FD47A6 /* HDLHomeViewController.xib */ = {isa = PBXFileReference; fileEncoding = 4; lastKnownFileType = file.xib; path = HDLHomeViewController.xib; sourceTree = "<group>"; };
		BB79A09919F1FFD900FD47A6 /* HDLAvatarImageView.h */ = {isa = PBXFileReference; fileEncoding = 4; lastKnownFileType = sourcecode.c.h; path = HDLAvatarImageView.h; sourceTree = "<group>"; };
		BB79A09A19F1FFD900FD47A6 /* HDLAvatarImageView.m */ = {isa = PBXFileReference; fileEncoding = 4; lastKnownFileType = sourcecode.c.objc; path = HDLAvatarImageView.m; sourceTree = "<group>"; };
		BB79A0B719F21F8500FD47A6 /* HDLTXTwitterAuthorization.h */ = {isa = PBXFileReference; fileEncoding = 4; lastKnownFileType = sourcecode.c.h; path = HDLTXTwitterAuthorization.h; sourceTree = "<group>"; };
		BB79A0B819F21F8500FD47A6 /* HDLTXTwitterAuthorization.m */ = {isa = PBXFileReference; fileEncoding = 4; lastKnownFileType = sourcecode.c.objc; path = HDLTXTwitterAuthorization.m; sourceTree = "<group>"; };
		BBA0BCA119F22BEE0027C5FD /* Social.framework */ = {isa = PBXFileReference; lastKnownFileType = wrapper.framework; name = Social.framework; path = System/Library/Frameworks/Social.framework; sourceTree = SDKROOT; };
		BBA0BCA319F22C080027C5FD /* Accounts.framework */ = {isa = PBXFileReference; lastKnownFileType = wrapper.framework; name = Accounts.framework; path = System/Library/Frameworks/Accounts.framework; sourceTree = SDKROOT; };
		BBA0BCA519F22C160027C5FD /* Security.framework */ = {isa = PBXFileReference; lastKnownFileType = wrapper.framework; name = Security.framework; path = System/Library/Frameworks/Security.framework; sourceTree = SDKROOT; };
/* End PBXFileReference section */

/* Begin PBXFrameworksBuildPhase section */
		BB654AA519F11F7F00532038 /* Frameworks */ = {
			isa = PBXFrameworksBuildPhase;
			buildActionMask = 2147483647;
			files = (
				BBA0BCA619F22C160027C5FD /* Security.framework in Frameworks */,
				BBA0BCA419F22C080027C5FD /* Accounts.framework in Frameworks */,
				BBA0BCA219F22BEE0027C5FD /* Social.framework in Frameworks */,
				BB654B8F19F1280300532038 /* SystemConfiguration.framework in Frameworks */,
				BB654B8D19F1276D00532038 /* libTCWeiboSDK.a in Frameworks */,
				BB654AAE19F11F7F00532038 /* CoreGraphics.framework in Frameworks */,
				BB654AB219F11F7F00532038 /* CoreData.framework in Frameworks */,
				BB654AB019F11F7F00532038 /* UIKit.framework in Frameworks */,
				BB654AAC19F11F7F00532038 /* Foundation.framework in Frameworks */,
			);
			runOnlyForDeploymentPostprocessing = 0;
		};
		BB654AC519F11F7F00532038 /* Frameworks */ = {
			isa = PBXFrameworksBuildPhase;
			buildActionMask = 2147483647;
			files = (
				BB654ACA19F11F7F00532038 /* XCTest.framework in Frameworks */,
				BB654ACD19F11F7F00532038 /* CoreData.framework in Frameworks */,
				BB654ACC19F11F7F00532038 /* UIKit.framework in Frameworks */,
				BB654ACB19F11F7F00532038 /* Foundation.framework in Frameworks */,
			);
			runOnlyForDeploymentPostprocessing = 0;
		};
/* End PBXFrameworksBuildPhase section */

/* Begin PBXGroup section */
		BB654A9F19F11F7F00532038 = {
			isa = PBXGroup;
			children = (
				BB654AB319F11F7F00532038 /* InterpersonalRelationsPlatform */,
				BB654AD019F11F7F00532038 /* InterpersonalRelationsPlatformTests */,
				BB654AAA19F11F7F00532038 /* Frameworks */,
				BB654AA919F11F7F00532038 /* Products */,
			);
			sourceTree = "<group>";
		};
		BB654AA919F11F7F00532038 /* Products */ = {
			isa = PBXGroup;
			children = (
				BB654AA819F11F7F00532038 /* InterpersonalRelationsPlatform.app */,
				BB654AC819F11F7F00532038 /* InterpersonalRelationsPlatformTests.xctest */,
			);
			name = Products;
			sourceTree = "<group>";
		};
		BB654AAA19F11F7F00532038 /* Frameworks */ = {
			isa = PBXGroup;
			children = (
				BBA0BCA519F22C160027C5FD /* Security.framework */,
				BBA0BCA319F22C080027C5FD /* Accounts.framework */,
				BBA0BCA119F22BEE0027C5FD /* Social.framework */,
				BB654B8E19F1280300532038 /* SystemConfiguration.framework */,
				BB654AAB19F11F7F00532038 /* Foundation.framework */,
				BB654AAD19F11F7F00532038 /* CoreGraphics.framework */,
				BB654AAF19F11F7F00532038 /* UIKit.framework */,
				BB654AB119F11F7F00532038 /* CoreData.framework */,
				BB654AC919F11F7F00532038 /* XCTest.framework */,
			);
			name = Frameworks;
			sourceTree = "<group>";
		};
		BB654AB319F11F7F00532038 /* InterpersonalRelationsPlatform */ = {
			isa = PBXGroup;
			children = (
				BB654ABC19F11F7F00532038 /* HDLAppDelegate.h */,
				BB654ABD19F11F7F00532038 /* HDLAppDelegate.m */,
				BB654AF919F1273300532038 /* Tools */,
				BB654AE219F121DD00532038 /* Model */,
				BB654AE119F121AB00532038 /* Controller */,
				BB654AE019F121A300532038 /* View */,
				BB654AC219F11F7F00532038 /* Images.xcassets */,
				BB654ABF19F11F7F00532038 /* InterpersonalRelationsPlatform.xcdatamodeld */,
				BB654AB419F11F7F00532038 /* Supporting Files */,
			);
			path = InterpersonalRelationsPlatform;
			sourceTree = "<group>";
		};
		BB654AB419F11F7F00532038 /* Supporting Files */ = {
			isa = PBXGroup;
			children = (
				BB654AE319F121E800532038 /* Images */,
				BB654AB519F11F7F00532038 /* InterpersonalRelationsPlatform-Info.plist */,
				BB654AB619F11F7F00532038 /* InfoPlist.strings */,
				BB654AB919F11F7F00532038 /* main.m */,
				BB654ABB19F11F7F00532038 /* InterpersonalRelationsPlatform-Prefix.pch */,
			);
			name = "Supporting Files";
			sourceTree = "<group>";
		};
		BB654AD019F11F7F00532038 /* InterpersonalRelationsPlatformTests */ = {
			isa = PBXGroup;
			children = (
				BB654AD619F11F7F00532038 /* InterpersonalRelationsPlatformTests.m */,
				BB654AD119F11F7F00532038 /* Supporting Files */,
			);
			path = InterpersonalRelationsPlatformTests;
			sourceTree = "<group>";
		};
		BB654AD119F11F7F00532038 /* Supporting Files */ = {
			isa = PBXGroup;
			children = (
				BB654AD219F11F7F00532038 /* InterpersonalRelationsPlatformTests-Info.plist */,
				BB654AD319F11F7F00532038 /* InfoPlist.strings */,
			);
			name = "Supporting Files";
			sourceTree = "<group>";
		};
		BB654AE019F121A300532038 /* View */ = {
			isa = PBXGroup;
			children = (
				BB79A0A219F2085D00FD47A6 /* 头像 */,
			);
			name = View;
			sourceTree = "<group>";
		};
		BB654AE119F121AB00532038 /* Controller */ = {
			isa = PBXGroup;
			children = (
				BB79A09119F1FEE600FD47A6 /* HDLHomeViewController.h */,
				BB79A09219F1FEE600FD47A6 /* HDLHomeViewController.m */,
				BB79A09319F1FEE600FD47A6 /* HDLHomeViewController.xib */,
			);
			name = Controller;
			sourceTree = "<group>";
		};
		BB654AE219F121DD00532038 /* Model */ = {
			isa = PBXGroup;
			children = (
				BB79A0B619F21F1800FD47A6 /* 授权 */,
			);
			name = Model;
			sourceTree = "<group>";
		};
		BB654AE319F121E800532038 /* Images */ = {
			isa = PBXGroup;
			children = (
				BB654AE419F121F200532038 /* tabbar */,
			);
			name = Images;
			sourceTree = "<group>";
		};
		BB654AE419F121F200532038 /* tabbar */ = {
			isa = PBXGroup;
			children = (
				BB654AE519F1229200532038 /* btn_maintab_explore_nor@2x.png */,
				BB654AE619F1229200532038 /* btn_maintab_explore_press@2x.png */,
				BB654AE719F1229200532038 /* btn_maintab_home_nor@2x.png */,
				BB654AE819F1229200532038 /* btn_maintab_home_press@2x.png */,
				BB654AE919F1229200532038 /* btn_maintab_me_female_nor@2x.png */,
				BB654AEA19F1229200532038 /* btn_maintab_me_female_press@2x.png */,
				BB654AEB19F1229200532038 /* btn_maintab_me_male_nor@2x.png */,
				BB654AEC19F1229200532038 /* btn_maintab_me_male_press@2x.png */,
				BB654AED19F1229200532038 /* btn_maintab_message_nor@2x.png */,
				BB654AEE19F1229200532038 /* btn_maintab_message_press@2x.png */,
			);
			name = tabbar;
			sourceTree = "<group>";
		};
		BB654AF919F1273300532038 /* Tools */ = {
			isa = PBXGroup;
			children = (
				BB654AFA19F1276D00532038 /* TCWeiboSDK */,
			);
			name = Tools;
			sourceTree = "<group>";
		};
		BB654AFA19F1276D00532038 /* TCWeiboSDK */ = {
			isa = PBXGroup;
			children = (
				BB654AFB19F1276D00532038 /* doc */,
				BB654B4119F1276D00532038 /* lib */,
			);
			path = TCWeiboSDK;
			sourceTree = "<group>";
		};
		BB654AFB19F1276D00532038 /* doc */ = {
			isa = PBXGroup;
			children = (
				BB654AFC19F1276D00532038 /* html */,
			);
			path = doc;
			sourceTree = "<group>";
		};
		BB654AFC19F1276D00532038 /* html */ = {
			isa = PBXGroup;
			children = (
				BB654AFD19F1276D00532038 /* _weibo_api_8h_source.html */,
				BB654AFE19F1276D00532038 /* _weibo_api_object_8h_source.html */,
				BB654AFF19F1276D00532038 /* annotated.html */,
				BB654B0019F1276D00532038 /* annotated.js */,
				BB654B0119F1276D00532038 /* bc_s.png */,
				BB654B0219F1276D00532038 /* bdwn.png */,
				BB654B0319F1276D00532038 /* class_weibo_api-members.html */,
				BB654B0419F1276D00532038 /* class_weibo_api_object-members.html */,
				BB654B0519F1276D00532038 /* classes.html */,
				BB654B0619F1276D00532038 /* closed.png */,
				BB654B0719F1276D00532038 /* dir_6537656865ee3923719aa1a57f584d1d.html */,
				BB654B0819F1276D00532038 /* doxygen.css */,
				BB654B0919F1276D00532038 /* doxygen.png */,
				BB654B0A19F1276D00532038 /* dynsections.js */,
				BB654B0B19F1276D00532038 /* ftv2blank.png */,
				BB654B0C19F1276D00532038 /* ftv2cl.png */,
				BB654B0D19F1276D00532038 /* ftv2doc.png */,
				BB654B0E19F1276D00532038 /* ftv2folderclosed.png */,
				BB654B0F19F1276D00532038 /* ftv2folderopen.png */,
				BB654B1019F1276D00532038 /* ftv2lastnode.png */,
				BB654B1119F1276D00532038 /* ftv2link.png */,
				BB654B1219F1276D00532038 /* ftv2mlastnode.png */,
				BB654B1319F1276D00532038 /* ftv2mnode.png */,
				BB654B1419F1276D00532038 /* ftv2mo.png */,
				BB654B1519F1276D00532038 /* ftv2node.png */,
				BB654B1619F1276D00532038 /* ftv2ns.png */,
				BB654B1719F1276D00532038 /* ftv2plastnode.png */,
				BB654B1819F1276D00532038 /* ftv2pnode.png */,
				BB654B1919F1276D00532038 /* ftv2splitbar.png */,
				BB654B1A19F1276D00532038 /* ftv2vertline.png */,
				BB654B1B19F1276D00532038 /* functions.html */,
				BB654B1C19F1276D00532038 /* functions_func.html */,
				BB654B1D19F1276D00532038 /* functions_prop.html */,
				BB654B1E19F1276D00532038 /* functions_vars.html */,
				BB654B1F19F1276D00532038 /* hierarchy.html */,
				BB654B2019F1276D00532038 /* hierarchy.js */,
				BB654B2119F1276D00532038 /* icon.png */,
				BB654B2219F1276D00532038 /* index.html */,
				BB654B2319F1276D00532038 /* interface_weibo_api.html */,
				BB654B2419F1276D00532038 /* interface_weibo_api.js */,
				BB654B2519F1276D00532038 /* interface_weibo_api.png */,
				BB654B2619F1276D00532038 /* interface_weibo_api_object.html */,
				BB654B2719F1276D00532038 /* interface_weibo_api_object.js */,
				BB654B2819F1276D00532038 /* interface_weibo_api_object.png */,
				BB654B2919F1276D00532038 /* jquery.js */,
				BB654B2A19F1276D00532038 /* nav_f.png */,
				BB654B2B19F1276D00532038 /* nav_g.png */,
				BB654B2C19F1276D00532038 /* nav_h.png */,
				BB654B2D19F1276D00532038 /* navtree.css */,
				BB654B2E19F1276D00532038 /* navtree.js */,
				BB654B2F19F1276D00532038 /* navtreeindex0.js */,
				BB654B3019F1276D00532038 /* open.png */,
				BB654B3119F1276D00532038 /* protocol_weibo_auth_delegate-p-members.html */,
				BB654B3219F1276D00532038 /* protocol_weibo_auth_delegate-p.html */,
				BB654B3319F1276D00532038 /* protocol_weibo_auth_delegate-p.js */,
				BB654B3419F1276D00532038 /* protocol_weibo_auth_delegate-p.png */,
				BB654B3519F1276D00532038 /* protocol_weibo_request_delegate-p-members.html */,
				BB654B3619F1276D00532038 /* protocol_weibo_request_delegate-p.html */,
				BB654B3719F1276D00532038 /* protocol_weibo_request_delegate-p.js */,
				BB654B3819F1276D00532038 /* protocol_weibo_request_delegate-p.png */,
				BB654B3919F1276D00532038 /* resize.js */,
				BB654B3A19F1276D00532038 /* sync_off.png */,
				BB654B3B19F1276D00532038 /* sync_on.png */,
				BB654B3C19F1276D00532038 /* tab_a.png */,
				BB654B3D19F1276D00532038 /* tab_b.png */,
				BB654B3E19F1276D00532038 /* tab_h.png */,
				BB654B3F19F1276D00532038 /* tab_s.png */,
				BB654B4019F1276D00532038 /* tabs.css */,
			);
			path = html;
			sourceTree = "<group>";
		};
		BB654B4119F1276D00532038 /* lib */ = {
			isa = PBXGroup;
			children = (
				BB654B4219F1276D00532038 /* libTCWeiboSDK-arm.a */,
				BB654B4319F1276D00532038 /* libTCWeiboSDK-i386.a */,
				BB654B4419F1276D00532038 /* libTCWeiboSDK.a */,
				BB654B4519F1276D00532038 /* WeiboApi.h */,
				BB654B4619F1276D00532038 /* WeiboApiObject.h */,
			);
			path = lib;
			sourceTree = "<group>";
		};
		BB79A0A219F2085D00FD47A6 /* 头像 */ = {
			isa = PBXGroup;
			children = (
				BB79A09919F1FFD900FD47A6 /* HDLAvatarImageView.h */,
				BB79A09A19F1FFD900FD47A6 /* HDLAvatarImageView.m */,
			);
			name = "头像";
			sourceTree = "<group>";
		};
		BB79A0B619F21F1800FD47A6 /* 授权 */ = {
			isa = PBXGroup;
			children = (
				BB79A0B719F21F8500FD47A6 /* HDLTXTwitterAuthorization.h */,
				BB79A0B819F21F8500FD47A6 /* HDLTXTwitterAuthorization.m */,
			);
			name = "授权";
			sourceTree = "<group>";
		};
/* End PBXGroup section */

/* Begin PBXNativeTarget section */
		BB654AA719F11F7F00532038 /* InterpersonalRelationsPlatform */ = {
			isa = PBXNativeTarget;
			buildConfigurationList = BB654ADA19F11F7F00532038 /* Build configuration list for PBXNativeTarget "InterpersonalRelationsPlatform" */;
			buildPhases = (
				BB654AA419F11F7F00532038 /* Sources */,
				BB654AA519F11F7F00532038 /* Frameworks */,
				BB654AA619F11F7F00532038 /* Resources */,
			);
			buildRules = (
			);
			dependencies = (
			);
			name = InterpersonalRelationsPlatform;
			productName = InterpersonalRelationsPlatform;
			productReference = BB654AA819F11F7F00532038 /* InterpersonalRelationsPlatform.app */;
			productType = "com.apple.product-type.application";
		};
		BB654AC719F11F7F00532038 /* InterpersonalRelationsPlatformTests */ = {
			isa = PBXNativeTarget;
			buildConfigurationList = BB654ADD19F11F7F00532038 /* Build configuration list for PBXNativeTarget "InterpersonalRelationsPlatformTests" */;
			buildPhases = (
				BB654AC419F11F7F00532038 /* Sources */,
				BB654AC519F11F7F00532038 /* Frameworks */,
				BB654AC619F11F7F00532038 /* Resources */,
			);
			buildRules = (
			);
			dependencies = (
				BB654ACF19F11F7F00532038 /* PBXTargetDependency */,
			);
			name = InterpersonalRelationsPlatformTests;
			productName = InterpersonalRelationsPlatformTests;
			productReference = BB654AC819F11F7F00532038 /* InterpersonalRelationsPlatformTests.xctest */;
			productType = "com.apple.product-type.bundle.unit-test";
		};
/* End PBXNativeTarget section */

/* Begin PBXProject section */
		BB654AA019F11F7F00532038 /* Project object */ = {
			isa = PBXProject;
			attributes = {
				CLASSPREFIX = HDL;
				LastUpgradeCheck = 0510;
				ORGANIZATIONNAME = Ibokan;
				TargetAttributes = {
					BB654AC719F11F7F00532038 = {
						TestTargetID = BB654AA719F11F7F00532038;
					};
				};
			};
			buildConfigurationList = BB654AA319F11F7F00532038 /* Build configuration list for PBXProject "InterpersonalRelationsPlatform" */;
			compatibilityVersion = "Xcode 3.2";
			developmentRegion = English;
			hasScannedForEncodings = 0;
			knownRegions = (
				en,
			);
			mainGroup = BB654A9F19F11F7F00532038;
			productRefGroup = BB654AA919F11F7F00532038 /* Products */;
			projectDirPath = "";
			projectRoot = "";
			targets = (
				BB654AA719F11F7F00532038 /* InterpersonalRelationsPlatform */,
				BB654AC719F11F7F00532038 /* InterpersonalRelationsPlatformTests */,
			);
		};
/* End PBXProject section */

/* Begin PBXResourcesBuildPhase section */
		BB654AA619F11F7F00532038 /* Resources */ = {
			isa = PBXResourcesBuildPhase;
			buildActionMask = 2147483647;
			files = (
				BB654B6719F1276D00532038 /* functions_prop.html in Resources */,
				BB654AF019F1229200532038 /* btn_maintab_explore_press@2x.png in Resources */,
				BB654B6819F1276D00532038 /* functions_vars.html in Resources */,
				BB654AF319F1229200532038 /* btn_maintab_me_female_nor@2x.png in Resources */,
				BB654B4B19F1276D00532038 /* bc_s.png in Resources */,
				BB654B5919F1276D00532038 /* ftv2folderopen.png in Resources */,
				BB654B8019F1276D00532038 /* protocol_weibo_request_delegate-p.html in Resources */,
				BB654B4C19F1276D00532038 /* bdwn.png in Resources */,
				BB654B4819F1276D00532038 /* _weibo_api_object_8h_source.html in Resources */,
				BB654AF119F1229200532038 /* btn_maintab_home_nor@2x.png in Resources */,
				BB654B6F19F1276D00532038 /* interface_weibo_api.png in Resources */,
				BB654AB819F11F7F00532038 /* InfoPlist.strings in Resources */,
				BB654B7B19F1276D00532038 /* protocol_weibo_auth_delegate-p-members.html in Resources */,
				BB654B8919F1276D00532038 /* tab_s.png in Resources */,
				BB654B6319F1276D00532038 /* ftv2splitbar.png in Resources */,
				BB654B5819F1276D00532038 /* ftv2folderclosed.png in Resources */,
				BB654B7A19F1276D00532038 /* open.png in Resources */,
				BB654AF819F1229200532038 /* btn_maintab_message_press@2x.png in Resources */,
				BB654B5019F1276D00532038 /* closed.png in Resources */,
				BB654B8819F1276D00532038 /* tab_h.png in Resources */,
				BB654AF619F1229200532038 /* btn_maintab_me_male_press@2x.png in Resources */,
				BB654B4F19F1276D00532038 /* classes.html in Resources */,
				BB654B5E19F1276D00532038 /* ftv2mo.png in Resources */,
				BB654B7619F1276D00532038 /* nav_h.png in Resources */,
				BB654B7719F1276D00532038 /* navtree.css in Resources */,
				BB654B7219F1276D00532038 /* interface_weibo_api_object.png in Resources */,
				BB654B7F19F1276D00532038 /* protocol_weibo_request_delegate-p-members.html in Resources */,
				BB654B5C19F1276D00532038 /* ftv2mlastnode.png in Resources */,
				BB654B8719F1276D00532038 /* tab_b.png in Resources */,
				BB654B5519F1276D00532038 /* ftv2blank.png in Resources */,
				BB654B8619F1276D00532038 /* tab_a.png in Resources */,
				BB654B5619F1276D00532038 /* ftv2cl.png in Resources */,
				BB654B7419F1276D00532038 /* nav_f.png in Resources */,
				BB654B8419F1276D00532038 /* sync_off.png in Resources */,
				BB654B4719F1276D00532038 /* _weibo_api_8h_source.html in Resources */,
				BB654B6219F1276D00532038 /* ftv2pnode.png in Resources */,
				BB654B5319F1276D00532038 /* doxygen.png in Resources */,
				BB654AF419F1229200532038 /* btn_maintab_me_female_press@2x.png in Resources */,
				BB654B6419F1276D00532038 /* ftv2vertline.png in Resources */,
				BB654B8219F1276D00532038 /* protocol_weibo_request_delegate-p.png in Resources */,
				BB654B6019F1276D00532038 /* ftv2ns.png in Resources */,
				BB654B6D19F1276D00532038 /* interface_weibo_api.html in Resources */,
				BB654B5F19F1276D00532038 /* ftv2node.png in Resources */,
				BB654B5D19F1276D00532038 /* ftv2mnode.png in Resources */,
				BB654B5719F1276D00532038 /* ftv2doc.png in Resources */,
				BB654B6119F1276D00532038 /* ftv2plastnode.png in Resources */,
				BB654B5A19F1276D00532038 /* ftv2lastnode.png in Resources */,
				BB654AEF19F1229200532038 /* btn_maintab_explore_nor@2x.png in Resources */,
				BB654AF719F1229200532038 /* btn_maintab_message_nor@2x.png in Resources */,
				BB79A09519F1FEE600FD47A6 /* HDLHomeViewController.xib in Resources */,
				BB654B7C19F1276D00532038 /* protocol_weibo_auth_delegate-p.html in Resources */,
				BB654B4D19F1276D00532038 /* class_weibo_api-members.html in Resources */,
				BB654B5219F1276D00532038 /* doxygen.css in Resources */,
				BB654B6C19F1276D00532038 /* index.html in Resources */,
				BB654AC319F11F7F00532038 /* Images.xcassets in Resources */,
				BB654B7E19F1276D00532038 /* protocol_weibo_auth_delegate-p.png in Resources */,
				BB654B7019F1276D00532038 /* interface_weibo_api_object.html in Resources */,
				BB654B6B19F1276D00532038 /* icon.png in Resources */,
				BB654AF219F1229200532038 /* btn_maintab_home_press@2x.png in Resources */,
				BB654B7519F1276D00532038 /* nav_g.png in Resources */,
				BB654B8519F1276D00532038 /* sync_on.png in Resources */,
				BB654B6519F1276D00532038 /* functions.html in Resources */,
				BB654B6619F1276D00532038 /* functions_func.html in Resources */,
				BB654B8A19F1276D00532038 /* tabs.css in Resources */,
				BB654B4E19F1276D00532038 /* class_weibo_api_object-members.html in Resources */,
				BB654B5119F1276D00532038 /* dir_6537656865ee3923719aa1a57f584d1d.html in Resources */,
				BB654B5B19F1276D00532038 /* ftv2link.png in Resources */,
				BB654AF519F1229200532038 /* btn_maintab_me_male_nor@2x.png in Resources */,
				BB654B6919F1276D00532038 /* hierarchy.html in Resources */,
				BB654B4919F1276D00532038 /* annotated.html in Resources */,
			);
			runOnlyForDeploymentPostprocessing = 0;
		};
		BB654AC619F11F7F00532038 /* Resources */ = {
			isa = PBXResourcesBuildPhase;
			buildActionMask = 2147483647;
			files = (
				BB654AD519F11F7F00532038 /* InfoPlist.strings in Resources */,
			);
			runOnlyForDeploymentPostprocessing = 0;
		};
/* End PBXResourcesBuildPhase section */

/* Begin PBXSourcesBuildPhase section */
		BB654AA419F11F7F00532038 /* Sources */ = {
			isa = PBXSourcesBuildPhase;
			buildActionMask = 2147483647;
			files = (
				BB654B7819F1276D00532038 /* navtree.js in Sources */,
				BB654B7D19F1276D00532038 /* protocol_weibo_auth_delegate-p.js in Sources */,
				BB79A0B919F21F8500FD47A6 /* HDLTXTwitterAuthorization.m in Sources */,
				BB79A09419F1FEE600FD47A6 /* HDLHomeViewController.m in Sources */,
				BB654AC119F11F7F00532038 /* InterpersonalRelationsPlatform.xcdatamodeld in Sources */,
				BB654B4A19F1276D00532038 /* annotated.js in Sources */,
				BB654B8319F1276D00532038 /* resize.js in Sources */,
				BB654B6A19F1276D00532038 /* hierarchy.js in Sources */,
				BB654B8119F1276D00532038 /* protocol_weibo_request_delegate-p.js in Sources */,
				BB654B6E19F1276D00532038 /* interface_weibo_api.js in Sources */,
				BB654ABA19F11F7F00532038 /* main.m in Sources */,
				BB79A09B19F1FFD900FD47A6 /* HDLAvatarImageView.m in Sources */,
				BB654B7119F1276D00532038 /* interface_weibo_api_object.js in Sources */,
				BB654B7319F1276D00532038 /* jquery.js in Sources */,
				BB654ABE19F11F7F00532038 /* HDLAppDelegate.m in Sources */,
				BB654B5419F1276D00532038 /* dynsections.js in Sources */,
				BB654B7919F1276D00532038 /* navtreeindex0.js in Sources */,
			);
			runOnlyForDeploymentPostprocessing = 0;
		};
		BB654AC419F11F7F00532038 /* Sources */ = {
			isa = PBXSourcesBuildPhase;
			buildActionMask = 2147483647;
			files = (
				BB654AD719F11F7F00532038 /* InterpersonalRelationsPlatformTests.m in Sources */,
			);
			runOnlyForDeploymentPostprocessing = 0;
		};
/* End PBXSourcesBuildPhase section */

/* Begin PBXTargetDependency section */
		BB654ACF19F11F7F00532038 /* PBXTargetDependency */ = {
			isa = PBXTargetDependency;
			target = BB654AA719F11F7F00532038 /* InterpersonalRelationsPlatform */;
			targetProxy = BB654ACE19F11F7F00532038 /* PBXContainerItemProxy */;
		};
/* End PBXTargetDependency section */

/* Begin PBXVariantGroup section */
		BB654AB619F11F7F00532038 /* InfoPlist.strings */ = {
			isa = PBXVariantGroup;
			children = (
				BB654AB719F11F7F00532038 /* en */,
			);
			name = InfoPlist.strings;
			sourceTree = "<group>";
		};
		BB654AD319F11F7F00532038 /* InfoPlist.strings */ = {
			isa = PBXVariantGroup;
			children = (
				BB654AD419F11F7F00532038 /* en */,
			);
			name = InfoPlist.strings;
			sourceTree = "<group>";
		};
/* End PBXVariantGroup section */

/* Begin XCBuildConfiguration section */
		BB654AD819F11F7F00532038 /* Debug */ = {
			isa = XCBuildConfiguration;
			buildSettings = {
				ALWAYS_SEARCH_USER_PATHS = NO;
				CLANG_CXX_LANGUAGE_STANDARD = "gnu++0x";
				CLANG_CXX_LIBRARY = "libc++";
				CLANG_ENABLE_MODULES = YES;
				CLANG_ENABLE_OBJC_ARC = YES;
				CLANG_WARN_BOOL_CONVERSION = YES;
				CLANG_WARN_CONSTANT_CONVERSION = YES;
				CLANG_WARN_DIRECT_OBJC_ISA_USAGE = YES_ERROR;
				CLANG_WARN_EMPTY_BODY = YES;
				CLANG_WARN_ENUM_CONVERSION = YES;
				CLANG_WARN_INT_CONVERSION = YES;
				CLANG_WARN_OBJC_ROOT_CLASS = YES_ERROR;
				CLANG_WARN__DUPLICATE_METHOD_MATCH = YES;
				"CODE_SIGN_IDENTITY[sdk=iphoneos*]" = "iPhone Developer";
				COPY_PHASE_STRIP = NO;
				GCC_C_LANGUAGE_STANDARD = gnu99;
				GCC_DYNAMIC_NO_PIC = NO;
				GCC_OPTIMIZATION_LEVEL = 0;
				GCC_PREPROCESSOR_DEFINITIONS = (
					"DEBUG=1",
					"$(inherited)",
				);
				GCC_SYMBOLS_PRIVATE_EXTERN = NO;
				GCC_WARN_64_TO_32_BIT_CONVERSION = YES;
				GCC_WARN_ABOUT_RETURN_TYPE = YES_ERROR;
				GCC_WARN_UNDECLARED_SELECTOR = YES;
				GCC_WARN_UNINITIALIZED_AUTOS = YES_AGGRESSIVE;
				GCC_WARN_UNUSED_FUNCTION = YES;
				GCC_WARN_UNUSED_VARIABLE = YES;
				IPHONEOS_DEPLOYMENT_TARGET = 7.1;
				ONLY_ACTIVE_ARCH = YES;
				SDKROOT = iphoneos;
			};
			name = Debug;
		};
		BB654AD919F11F7F00532038 /* Release */ = {
			isa = XCBuildConfiguration;
			buildSettings = {
				ALWAYS_SEARCH_USER_PATHS = NO;
				CLANG_CXX_LANGUAGE_STANDARD = "gnu++0x";
				CLANG_CXX_LIBRARY = "libc++";
				CLANG_ENABLE_MODULES = YES;
				CLANG_ENABLE_OBJC_ARC = YES;
				CLANG_WARN_BOOL_CONVERSION = YES;
				CLANG_WARN_CONSTANT_CONVERSION = YES;
				CLANG_WARN_DIRECT_OBJC_ISA_USAGE = YES_ERROR;
				CLANG_WARN_EMPTY_BODY = YES;
				CLANG_WARN_ENUM_CONVERSION = YES;
				CLANG_WARN_INT_CONVERSION = YES;
				CLANG_WARN_OBJC_ROOT_CLASS = YES_ERROR;
				CLANG_WARN__DUPLICATE_METHOD_MATCH = YES;
				"CODE_SIGN_IDENTITY[sdk=iphoneos*]" = "iPhone Developer";
				COPY_PHASE_STRIP = YES;
				ENABLE_NS_ASSERTIONS = NO;
				GCC_C_LANGUAGE_STANDARD = gnu99;
				GCC_WARN_64_TO_32_BIT_CONVERSION = YES;
				GCC_WARN_ABOUT_RETURN_TYPE = YES_ERROR;
				GCC_WARN_UNDECLARED_SELECTOR = YES;
				GCC_WARN_UNINITIALIZED_AUTOS = YES_AGGRESSIVE;
				GCC_WARN_UNUSED_FUNCTION = YES;
				GCC_WARN_UNUSED_VARIABLE = YES;
				IPHONEOS_DEPLOYMENT_TARGET = 7.1;
				SDKROOT = iphoneos;
				VALIDATE_PRODUCT = YES;
			};
			name = Release;
		};
		BB654ADB19F11F7F00532038 /* Debug */ = {
			isa = XCBuildConfiguration;
			buildSettings = {
				ASSETCATALOG_COMPILER_APPICON_NAME = AppIcon;
				ASSETCATALOG_COMPILER_LAUNCHIMAGE_NAME = LaunchImage;
				GCC_PRECOMPILE_PREFIX_HEADER = YES;
				GCC_PREFIX_HEADER = "InterpersonalRelationsPlatform/InterpersonalRelationsPlatform-Prefix.pch";
				INFOPLIST_FILE = "InterpersonalRelationsPlatform/InterpersonalRelationsPlatform-Info.plist";
				LIBRARY_SEARCH_PATHS = (
					"$(inherited)",
					"$(PROJECT_DIR)/InterpersonalRelationsPlatform/TCWeiboSDK/lib",
				);
				PRODUCT_NAME = "$(TARGET_NAME)";
				WRAPPER_EXTENSION = app;
			};
			name = Debug;
		};
		BB654ADC19F11F7F00532038 /* Release */ = {
			isa = XCBuildConfiguration;
			buildSettings = {
				ASSETCATALOG_COMPILER_APPICON_NAME = AppIcon;
				ASSETCATALOG_COMPILER_LAUNCHIMAGE_NAME = LaunchImage;
				GCC_PRECOMPILE_PREFIX_HEADER = YES;
				GCC_PREFIX_HEADER = "InterpersonalRelationsPlatform/InterpersonalRelationsPlatform-Prefix.pch";
				INFOPLIST_FILE = "InterpersonalRelationsPlatform/InterpersonalRelationsPlatform-Info.plist";
				LIBRARY_SEARCH_PATHS = (
					"$(inherited)",
					"$(PROJECT_DIR)/InterpersonalRelationsPlatform/TCWeiboSDK/lib",
				);
				PRODUCT_NAME = "$(TARGET_NAME)";
				WRAPPER_EXTENSION = app;
			};
			name = Release;
		};
		BB654ADE19F11F7F00532038 /* Debug */ = {
			isa = XCBuildConfiguration;
			buildSettings = {
				BUNDLE_LOADER = "$(BUILT_PRODUCTS_DIR)/InterpersonalRelationsPlatform.app/InterpersonalRelationsPlatform";
				FRAMEWORK_SEARCH_PATHS = (
					"$(SDKROOT)/Developer/Library/Frameworks",
					"$(inherited)",
					"$(DEVELOPER_FRAMEWORKS_DIR)",
				);
				GCC_PRECOMPILE_PREFIX_HEADER = YES;
				GCC_PREFIX_HEADER = "InterpersonalRelationsPlatform/InterpersonalRelationsPlatform-Prefix.pch";
				GCC_PREPROCESSOR_DEFINITIONS = (
					"DEBUG=1",
					"$(inherited)",
				);
				INFOPLIST_FILE = "InterpersonalRelationsPlatformTests/InterpersonalRelationsPlatformTests-Info.plist";
				PRODUCT_NAME = "$(TARGET_NAME)";
				TEST_HOST = "$(BUNDLE_LOADER)";
				WRAPPER_EXTENSION = xctest;
			};
			name = Debug;
		};
		BB654ADF19F11F7F00532038 /* Release */ = {
			isa = XCBuildConfiguration;
			buildSettings = {
				BUNDLE_LOADER = "$(BUILT_PRODUCTS_DIR)/InterpersonalRelationsPlatform.app/InterpersonalRelationsPlatform";
				FRAMEWORK_SEARCH_PATHS = (
					"$(SDKROOT)/Developer/Library/Frameworks",
					"$(inherited)",
					"$(DEVELOPER_FRAMEWORKS_DIR)",
				);
				GCC_PRECOMPILE_PREFIX_HEADER = YES;
				GCC_PREFIX_HEADER = "InterpersonalRelationsPlatform/InterpersonalRelationsPlatform-Prefix.pch";
				INFOPLIST_FILE = "InterpersonalRelationsPlatformTests/InterpersonalRelationsPlatformTests-Info.plist";
				PRODUCT_NAME = "$(TARGET_NAME)";
				TEST_HOST = "$(BUNDLE_LOADER)";
				WRAPPER_EXTENSION = xctest;
			};
			name = Release;
		};
/* End XCBuildConfiguration section */

/* Begin XCConfigurationList section */
		BB654AA319F11F7F00532038 /* Build configuration list for PBXProject "InterpersonalRelationsPlatform" */ = {
			isa = XCConfigurationList;
			buildConfigurations = (
				BB654AD819F11F7F00532038 /* Debug */,
				BB654AD919F11F7F00532038 /* Release */,
			);
			defaultConfigurationIsVisible = 0;
			defaultConfigurationName = Release;
		};
		BB654ADA19F11F7F00532038 /* Build configuration list for PBXNativeTarget "InterpersonalRelationsPlatform" */ = {
			isa = XCConfigurationList;
			buildConfigurations = (
				BB654ADB19F11F7F00532038 /* Debug */,
				BB654ADC19F11F7F00532038 /* Release */,
			);
			defaultConfigurationIsVisible = 0;
			defaultConfigurationName = Release;
		};
		BB654ADD19F11F7F00532038 /* Build configuration list for PBXNativeTarget "InterpersonalRelationsPlatformTests" */ = {
			isa = XCConfigurationList;
			buildConfigurations = (
				BB654ADE19F11F7F00532038 /* Debug */,
				BB654ADF19F11F7F00532038 /* Release */,
			);
			defaultConfigurationIsVisible = 0;
			defaultConfigurationName = Release;
		};
/* End XCConfigurationList section */

/* Begin XCVersionGroup section */
		BB654ABF19F11F7F00532038 /* InterpersonalRelationsPlatform.xcdatamodeld */ = {
			isa = XCVersionGroup;
			children = (
				BB654AC019F11F7F00532038 /* InterpersonalRelationsPlatform.xcdatamodel */,
			);
			currentVersion = BB654AC019F11F7F00532038 /* InterpersonalRelationsPlatform.xcdatamodel */;
			path = InterpersonalRelationsPlatform.xcdatamodeld;
			sourceTree = "<group>";
			versionGroupType = wrapper.xcdatamodel;
		};
/* End XCVersionGroup section */
	};
	rootObject = BB654AA019F11F7F00532038 /* Project object */;
}
