// !$*UTF8*$!
{
	archiveVersion = 1;
	classes = {
	};
	objectVersion = 46;
	objects = {

/* Begin PBXBuildFile section */
		B4A5DF8419F25037006EA419 /* libTCWeiboSDK.a in Frameworks */ = {isa = PBXBuildFile; fileRef = B4A5DF8119F25037006EA419 /* libTCWeiboSDK.a */; };
		B4A5DF8819F25138006EA419 /* TestViewController.m in Sources */ = {isa = PBXBuildFile; fileRef = B4A5DF8619F25138006EA419 /* TestViewController.m */; };
		B4A5DF8919F25138006EA419 /* TestViewController.xib in Resources */ = {isa = PBXBuildFile; fileRef = B4A5DF8719F25138006EA419 /* TestViewController.xib */; };
		B4A5DF8C19F251A0006EA419 /* DataInterface.m in Sources */ = {isa = PBXBuildFile; fileRef = B4A5DF8B19F251A0006EA419 /* DataInterface.m */; };
		BB654AAC19F11F7F00532038 /* Foundation.framework in Frameworks */ = {isa = PBXBuildFile; fileRef = BB654AAB19F11F7F00532038 /* Foundation.framework */; };
		BB654AAE19F11F7F00532038 /* CoreGraphics.framework in Frameworks */ = {isa = PBXBuildFile; fileRef = BB654AAD19F11F7F00532038 /* CoreGraphics.framework */; };
		BB654AB019F11F7F00532038 /* UIKit.framework in Frameworks */ = {isa = PBXBuildFile; fileRef = BB654AAF19F11F7F00532038 /* UIKit.framework */; };
		BB654AB219F11F7F00532038 /* CoreData.framework in Frameworks */ = {isa = PBXBuildFile; fileRef = BB654AB119F11F7F00532038 /* CoreData.framework */; };
		BB654AB819F11F7F00532038 /* InfoPlist.strings in Resources */ = {isa = PBXBuildFile; fileRef = BB654AB619F11F7F00532038 /* InfoPlist.strings */; };
		BB654ABA19F11F7F00532038 /* main.m in Sources */ = {isa = PBXBuildFile; fileRef = BB654AB919F11F7F00532038 /* main.m */; };
		BB654ABE19F11F7F00532038 /* HDLAppDelegate.m in Sources */ = {isa = PBXBuildFile; fileRef = BB654ABD19F11F7F00532038 /* HDLAppDelegate.m */; };
		BB654AC119F11F7F00532038 /* InterpersonalRelationsPlatform.xcdatamodeld in Sources */ = {isa = PBXBuildFile; fileRef = BB654ABF19F11F7F00532038 /* InterpersonalRelationsPlatform.xcdatamodeld */; };
		BB654AC319F11F7F00532038 /* Images.xcassets in Resources */ = {isa = PBXBuildFile; fileRef = BB654AC219F11F7F00532038 /* Images.xcassets */; };
		BB654ACA19F11F7F00532038 /* XCTest.framework in Frameworks */ = {isa = PBXBuildFile; fileRef = BB654AC919F11F7F00532038 /* XCTest.framework */; };
		BB654ACB19F11F7F00532038 /* Foundation.framework in Frameworks */ = {isa = PBXBuildFile; fileRef = BB654AAB19F11F7F00532038 /* Foundation.framework */; };
		BB654ACC19F11F7F00532038 /* UIKit.framework in Frameworks */ = {isa = PBXBuildFile; fileRef = BB654AAF19F11F7F00532038 /* UIKit.framework */; };
		BB654ACD19F11F7F00532038 /* CoreData.framework in Frameworks */ = {isa = PBXBuildFile; fileRef = BB654AB119F11F7F00532038 /* CoreData.framework */; };
		BB654AD519F11F7F00532038 /* InfoPlist.strings in Resources */ = {isa = PBXBuildFile; fileRef = BB654AD319F11F7F00532038 /* InfoPlist.strings */; };
		BB654AD719F11F7F00532038 /* InterpersonalRelationsPlatformTests.m in Sources */ = {isa = PBXBuildFile; fileRef = BB654AD619F11F7F00532038 /* InterpersonalRelationsPlatformTests.m */; };
		BB654AEF19F1229200532038 /* btn_maintab_explore_nor@2x.png in Resources */ = {isa = PBXBuildFile; fileRef = BB654AE519F1229200532038 /* btn_maintab_explore_nor@2x.png */; };
		BB654AF019F1229200532038 /* btn_maintab_explore_press@2x.png in Resources */ = {isa = PBXBuildFile; fileRef = BB654AE619F1229200532038 /* btn_maintab_explore_press@2x.png */; };
		BB654AF119F1229200532038 /* btn_maintab_home_nor@2x.png in Resources */ = {isa = PBXBuildFile; fileRef = BB654AE719F1229200532038 /* btn_maintab_home_nor@2x.png */; };
		BB654AF219F1229200532038 /* btn_maintab_home_press@2x.png in Resources */ = {isa = PBXBuildFile; fileRef = BB654AE819F1229200532038 /* btn_maintab_home_press@2x.png */; };
		BB654AF319F1229200532038 /* btn_maintab_me_female_nor@2x.png in Resources */ = {isa = PBXBuildFile; fileRef = BB654AE919F1229200532038 /* btn_maintab_me_female_nor@2x.png */; };
		BB654AF419F1229200532038 /* btn_maintab_me_female_press@2x.png in Resources */ = {isa = PBXBuildFile; fileRef = BB654AEA19F1229200532038 /* btn_maintab_me_female_press@2x.png */; };
		BB654AF519F1229200532038 /* btn_maintab_me_male_nor@2x.png in Resources */ = {isa = PBXBuildFile; fileRef = BB654AEB19F1229200532038 /* btn_maintab_me_male_nor@2x.png */; };
		BB654AF619F1229200532038 /* btn_maintab_me_male_press@2x.png in Resources */ = {isa = PBXBuildFile; fileRef = BB654AEC19F1229200532038 /* btn_maintab_me_male_press@2x.png */; };
		BB654AF719F1229200532038 /* btn_maintab_message_nor@2x.png in Resources */ = {isa = PBXBuildFile; fileRef = BB654AED19F1229200532038 /* btn_maintab_message_nor@2x.png */; };
		BB654AF819F1229200532038 /* btn_maintab_message_press@2x.png in Resources */ = {isa = PBXBuildFile; fileRef = BB654AEE19F1229200532038 /* btn_maintab_message_press@2x.png */; };
		BBA0BCA219F22BEE0027C5FD /* Social.framework in Frameworks */ = {isa = PBXBuildFile; fileRef = BBA0BCA119F22BEE0027C5FD /* Social.framework */; };
		BBA0BCA419F22C080027C5FD /* Accounts.framework in Frameworks */ = {isa = PBXBuildFile; fileRef = BBA0BCA319F22C080027C5FD /* Accounts.framework */; };
		BBA0BCA619F22C160027C5FD /* Security.framework in Frameworks */ = {isa = PBXBuildFile; fileRef = BBA0BCA519F22C160027C5FD /* Security.framework */; };
		BBB2019019F2504600FA4004 /* HDLAvatarImageView.m in Sources */ = {isa = PBXBuildFile; fileRef = BBB2018E19F2504600FA4004 /* HDLAvatarImageView.m */; };
/* End PBXBuildFile section */

/* Begin PBXContainerItemProxy section */
		BB654ACE19F11F7F00532038 /* PBXContainerItemProxy */ = {
			isa = PBXContainerItemProxy;
			containerPortal = BB654AA019F11F7F00532038 /* Project object */;
			proxyType = 1;
			remoteGlobalIDString = BB654AA719F11F7F00532038;
			remoteInfo = InterpersonalRelationsPlatform;
		};
/* End PBXContainerItemProxy section */

/* Begin PBXFileReference section */
		B4A5DF8119F25037006EA419 /* libTCWeiboSDK.a */ = {isa = PBXFileReference; lastKnownFileType = archive.ar; path = libTCWeiboSDK.a; sourceTree = "<group>"; };
		B4A5DF8219F25037006EA419 /* WeiboApi.h */ = {isa = PBXFileReference; fileEncoding = 4; lastKnownFileType = sourcecode.c.h; path = WeiboApi.h; sourceTree = "<group>"; };
		B4A5DF8319F25037006EA419 /* WeiboApiObject.h */ = {isa = PBXFileReference; fileEncoding = 4; lastKnownFileType = sourcecode.c.h; path = WeiboApiObject.h; sourceTree = "<group>"; };
		B4A5DF8519F25138006EA419 /* TestViewController.h */ = {isa = PBXFileReference; fileEncoding = 4; lastKnownFileType = sourcecode.c.h; path = TestViewController.h; sourceTree = "<group>"; };
		B4A5DF8619F25138006EA419 /* TestViewController.m */ = {isa = PBXFileReference; fileEncoding = 4; lastKnownFileType = sourcecode.c.objc; path = TestViewController.m; sourceTree = "<group>"; };
		B4A5DF8719F25138006EA419 /* TestViewController.xib */ = {isa = PBXFileReference; fileEncoding = 4; lastKnownFileType = file.xib; path = TestViewController.xib; sourceTree = "<group>"; };
		B4A5DF8A19F251A0006EA419 /* DataInterface.h */ = {isa = PBXFileReference; fileEncoding = 4; lastKnownFileType = sourcecode.c.h; path = DataInterface.h; sourceTree = "<group>"; };
		B4A5DF8B19F251A0006EA419 /* DataInterface.m */ = {isa = PBXFileReference; fileEncoding = 4; lastKnownFileType = sourcecode.c.objc; path = DataInterface.m; sourceTree = "<group>"; };
		BB654AA819F11F7F00532038 /* InterpersonalRelationsPlatform.app */ = {isa = PBXFileReference; explicitFileType = wrapper.application; includeInIndex = 0; path = InterpersonalRelationsPlatform.app; sourceTree = BUILT_PRODUCTS_DIR; };
		BB654AAB19F11F7F00532038 /* Foundation.framework */ = {isa = PBXFileReference; lastKnownFileType = wrapper.framework; name = Foundation.framework; path = System/Library/Frameworks/Foundation.framework; sourceTree = SDKROOT; };
		BB654AAD19F11F7F00532038 /* CoreGraphics.framework */ = {isa = PBXFileReference; lastKnownFileType = wrapper.framework; name = CoreGraphics.framework; path = System/Library/Frameworks/CoreGraphics.framework; sourceTree = SDKROOT; };
		BB654AAF19F11F7F00532038 /* UIKit.framework */ = {isa = PBXFileReference; lastKnownFileType = wrapper.framework; name = UIKit.framework; path = System/Library/Frameworks/UIKit.framework; sourceTree = SDKROOT; };
		BB654AB119F11F7F00532038 /* CoreData.framework */ = {isa = PBXFileReference; lastKnownFileType = wrapper.framework; name = CoreData.framework; path = System/Library/Frameworks/CoreData.framework; sourceTree = SDKROOT; };
		BB654AB519F11F7F00532038 /* InterpersonalRelationsPlatform-Info.plist */ = {isa = PBXFileReference; lastKnownFileType = text.plist.xml; path = "InterpersonalRelationsPlatform-Info.plist"; sourceTree = "<group>"; };
		BB654AB719F11F7F00532038 /* en */ = {isa = PBXFileReference; lastKnownFileType = text.plist.strings; name = en; path = en.lproj/InfoPlist.strings; sourceTree = "<group>"; };
		BB654AB919F11F7F00532038 /* main.m */ = {isa = PBXFileReference; lastKnownFileType = sourcecode.c.objc; path = main.m; sourceTree = "<group>"; };
		BB654ABB19F11F7F00532038 /* InterpersonalRelationsPlatform-Prefix.pch */ = {isa = PBXFileReference; lastKnownFileType = sourcecode.c.h; path = "InterpersonalRelationsPlatform-Prefix.pch"; sourceTree = "<group>"; };
		BB654ABC19F11F7F00532038 /* HDLAppDelegate.h */ = {isa = PBXFileReference; lastKnownFileType = sourcecode.c.h; path = HDLAppDelegate.h; sourceTree = "<group>"; };
		BB654ABD19F11F7F00532038 /* HDLAppDelegate.m */ = {isa = PBXFileReference; lastKnownFileType = sourcecode.c.objc; path = HDLAppDelegate.m; sourceTree = "<group>"; };
		BB654AC019F11F7F00532038 /* InterpersonalRelationsPlatform.xcdatamodel */ = {isa = PBXFileReference; lastKnownFileType = wrapper.xcdatamodel; path = InterpersonalRelationsPlatform.xcdatamodel; sourceTree = "<group>"; };
		BB654AC219F11F7F00532038 /* Images.xcassets */ = {isa = PBXFileReference; lastKnownFileType = folder.assetcatalog; path = Images.xcassets; sourceTree = "<group>"; };
		BB654AC819F11F7F00532038 /* InterpersonalRelationsPlatformTests.xctest */ = {isa = PBXFileReference; explicitFileType = wrapper.cfbundle; includeInIndex = 0; path = InterpersonalRelationsPlatformTests.xctest; sourceTree = BUILT_PRODUCTS_DIR; };
		BB654AC919F11F7F00532038 /* XCTest.framework */ = {isa = PBXFileReference; lastKnownFileType = wrapper.framework; name = XCTest.framework; path = Library/Frameworks/XCTest.framework; sourceTree = DEVELOPER_DIR; };
		BB654AD219F11F7F00532038 /* InterpersonalRelationsPlatformTests-Info.plist */ = {isa = PBXFileReference; lastKnownFileType = text.plist.xml; path = "InterpersonalRelationsPlatformTests-Info.plist"; sourceTree = "<group>"; };
		BB654AD419F11F7F00532038 /* en */ = {isa = PBXFileReference; lastKnownFileType = text.plist.strings; name = en; path = en.lproj/InfoPlist.strings; sourceTree = "<group>"; };
		BB654AD619F11F7F00532038 /* InterpersonalRelationsPlatformTests.m */ = {isa = PBXFileReference; lastKnownFileType = sourcecode.c.objc; path = InterpersonalRelationsPlatformTests.m; sourceTree = "<group>"; };
		BB654B8E19F1280300532038 /* SystemConfiguration.framework */ = {isa = PBXFileReference; lastKnownFileType = wrapper.framework; name = SystemConfiguration.framework; path = System/Library/Frameworks/SystemConfiguration.framework; sourceTree = SDKROOT; };
		BBA0BCA119F22BEE0027C5FD /* Social.framework */ = {isa = PBXFileReference; lastKnownFileType = wrapper.framework; name = Social.framework; path = System/Library/Frameworks/Social.framework; sourceTree = SDKROOT; };
		BBA0BCA319F22C080027C5FD /* Accounts.framework */ = {isa = PBXFileReference; lastKnownFileType = wrapper.framework; name = Accounts.framework; path = System/Library/Frameworks/Accounts.framework; sourceTree = SDKROOT; };
		BBA0BCA519F22C160027C5FD /* Security.framework */ = {isa = PBXFileReference; lastKnownFileType = wrapper.framework; name = Security.framework; path = System/Library/Frameworks/Security.framework; sourceTree = SDKROOT; };
		BBB2018E19F2504600FA4004 /* HDLAvatarImageView.m */ = {isa = PBXFileReference; fileEncoding = 4; lastKnownFileType = sourcecode.c.objc; path = HDLAvatarImageView.m; sourceTree = "<group>"; };
		BBB2018F19F2504600FA4004 /* HDLAvatarImageView.h */ = {isa = PBXFileReference; fileEncoding = 4; lastKnownFileType = sourcecode.c.h; path = HDLAvatarImageView.h; sourceTree = "<group>"; };
/* End PBXFileReference section */

/* Begin PBXFrameworksBuildPhase section */
		BB654AA519F11F7F00532038 /* Frameworks */ = {
			isa = PBXFrameworksBuildPhase;
			buildActionMask = 2147483647;
			files = (
				BBA0BCA619F22C160027C5FD /* Security.framework in Frameworks */,
				BBA0BCA419F22C080027C5FD /* Accounts.framework in Frameworks */,
				BBA0BCA219F22BEE0027C5FD /* Social.framework in Frameworks */,
				BB654AAE19F11F7F00532038 /* CoreGraphics.framework in Frameworks */,
				B4A5DF8419F25037006EA419 /* libTCWeiboSDK.a in Frameworks */,
				BB654AB219F11F7F00532038 /* CoreData.framework in Frameworks */,
				BB654AB019F11F7F00532038 /* UIKit.framework in Frameworks */,
				BB654AAC19F11F7F00532038 /* Foundation.framework in Frameworks */,
			);
			runOnlyForDeploymentPostprocessing = 0;
		};
		BB654AC519F11F7F00532038 /* Frameworks */ = {
			isa = PBXFrameworksBuildPhase;
			buildActionMask = 2147483647;
			files = (
				BB654ACA19F11F7F00532038 /* XCTest.framework in Frameworks */,
				BB654ACD19F11F7F00532038 /* CoreData.framework in Frameworks */,
				BB654ACC19F11F7F00532038 /* UIKit.framework in Frameworks */,
				BB654ACB19F11F7F00532038 /* Foundation.framework in Frameworks */,
			);
			runOnlyForDeploymentPostprocessing = 0;
		};
/* End PBXFrameworksBuildPhase section */

/* Begin PBXGroup section */
		B4A5DF8019F25020006EA419 /* SDK */ = {
			isa = PBXGroup;
			children = (
				B4A5DF8119F25037006EA419 /* libTCWeiboSDK.a */,
				B4A5DF8219F25037006EA419 /* WeiboApi.h */,
				B4A5DF8319F25037006EA419 /* WeiboApiObject.h */,
			);
			name = SDK;
			sourceTree = "<group>";
		};
		BB654A9F19F11F7F00532038 = {
			isa = PBXGroup;
			children = (
				BB654AB319F11F7F00532038 /* InterpersonalRelationsPlatform */,
				BB654AD019F11F7F00532038 /* InterpersonalRelationsPlatformTests */,
				BB654AAA19F11F7F00532038 /* Frameworks */,
				BB654AA919F11F7F00532038 /* Products */,
			);
			sourceTree = "<group>";
		};
		BB654AA919F11F7F00532038 /* Products */ = {
			isa = PBXGroup;
			children = (
				BB654AA819F11F7F00532038 /* InterpersonalRelationsPlatform.app */,
				BB654AC819F11F7F00532038 /* InterpersonalRelationsPlatformTests.xctest */,
			);
			name = Products;
			sourceTree = "<group>";
		};
		BB654AAA19F11F7F00532038 /* Frameworks */ = {
			isa = PBXGroup;
			children = (
				BBA0BCA519F22C160027C5FD /* Security.framework */,
				BBA0BCA319F22C080027C5FD /* Accounts.framework */,
				BBA0BCA119F22BEE0027C5FD /* Social.framework */,
				BB654B8E19F1280300532038 /* SystemConfiguration.framework */,
				BB654AAB19F11F7F00532038 /* Foundation.framework */,
				BB654AAD19F11F7F00532038 /* CoreGraphics.framework */,
				BB654AAF19F11F7F00532038 /* UIKit.framework */,
				BB654AB119F11F7F00532038 /* CoreData.framework */,
				BB654AC919F11F7F00532038 /* XCTest.framework */,
			);
			name = Frameworks;
			sourceTree = "<group>";
		};
		BB654AB319F11F7F00532038 /* InterpersonalRelationsPlatform */ = {
			isa = PBXGroup;
			children = (
				BB654AE019F121A300532038 /* View */,
				BB654ABC19F11F7F00532038 /* HDLAppDelegate.h */,
				BB654ABD19F11F7F00532038 /* HDLAppDelegate.m */,
				B4A5DF8519F25138006EA419 /* TestViewController.h */,
				B4A5DF8619F25138006EA419 /* TestViewController.m */,
				B4A5DF8719F25138006EA419 /* TestViewController.xib */,
				BB654AF919F1273300532038 /* Tools */,
				BB654AE219F121DD00532038 /* Model */,
				BB654AE119F121AB00532038 /* Controller */,
				BB654AC219F11F7F00532038 /* Images.xcassets */,
				BB654ABF19F11F7F00532038 /* InterpersonalRelationsPlatform.xcdatamodeld */,
				BB654AB419F11F7F00532038 /* Supporting Files */,
			);
			path = InterpersonalRelationsPlatform;
			sourceTree = "<group>";
		};
		BB654AB419F11F7F00532038 /* Supporting Files */ = {
			isa = PBXGroup;
			children = (
				0FA8B02819F251AA005F960A /* 图片 */,
				BB654AB519F11F7F00532038 /* InterpersonalRelationsPlatform-Info.plist */,
				BB654AB619F11F7F00532038 /* InfoPlist.strings */,
				BB654AB919F11F7F00532038 /* main.m */,
				BB654ABB19F11F7F00532038 /* InterpersonalRelationsPlatform-Prefix.pch */,
			);
			name = "Supporting Files";
			sourceTree = "<group>";
		};
		BB654AD019F11F7F00532038 /* InterpersonalRelationsPlatformTests */ = {
			isa = PBXGroup;
			children = (
				BB654AD619F11F7F00532038 /* InterpersonalRelationsPlatformTests.m */,
				BB654AD119F11F7F00532038 /* Supporting Files */,
			);
			path = InterpersonalRelationsPlatformTests;
			sourceTree = "<group>";
		};
		BB654AD119F11F7F00532038 /* Supporting Files */ = {
			isa = PBXGroup;
			children = (
				BB654AD219F11F7F00532038 /* InterpersonalRelationsPlatformTests-Info.plist */,
				BB654AD319F11F7F00532038 /* InfoPlist.strings */,
			);
			name = "Supporting Files";
			sourceTree = "<group>";
		};
		BB654AE019F121A300532038 /* View */ = {
			isa = PBXGroup;
			children = (
				0FA8B00C19F25123005F960A /* aTableViewCell.xib */,
			);
			name = View;
			sourceTree = "<group>";
		};
		BB654AE119F121AB00532038 /* Controller */ = {
			isa = PBXGroup;
			children = (
				0FA8B00919F250FB005F960A /* 主页 */,
				0FA8B00819F250F4005F960A /* 消息 */,
				0FA8B00719F250BB005F960A /* 广场 */,
				0FA8B00619F250AC005F960A /* 资料 */,
			);
			name = Controller;
			sourceTree = "<group>";
		};
		BB654AE219F121DD00532038 /* Model */ = {
			isa = PBXGroup;
			children = (
				B4A5DF8A19F251A0006EA419 /* DataInterface.h */,
				B4A5DF8B19F251A0006EA419 /* DataInterface.m */,
			);
			name = Model;
			sourceTree = "<group>";
		};
		BB654AF919F1273300532038 /* Tools */ = {
			isa = PBXGroup;
			children = (
				0FA8B04A19F25244005F960A /* MJRefresh */,
			);
			name = Tools;
			sourceTree = "<group>";
		};
		BBB2018D19F2501300FA4004 /* 头像ImageView */ = {
			isa = PBXGroup;
			children = (
				B4A5DF8019F25020006EA419 /* SDK */,
			);
			name = "头像ImageView";
			sourceTree = "<group>";
		};
/* End PBXGroup section */

/* Begin PBXNativeTarget section */
		BB654AA719F11F7F00532038 /* InterpersonalRelationsPlatform */ = {
			isa = PBXNativeTarget;
			buildConfigurationList = BB654ADA19F11F7F00532038 /* Build configuration list for PBXNativeTarget "InterpersonalRelationsPlatform" */;
			buildPhases = (
				BB654AA419F11F7F00532038 /* Sources */,
				BB654AA519F11F7F00532038 /* Frameworks */,
				BB654AA619F11F7F00532038 /* Resources */,
			);
			buildRules = (
			);
			dependencies = (
			);
			name = InterpersonalRelationsPlatform;
			productName = InterpersonalRelationsPlatform;
			productReference = BB654AA819F11F7F00532038 /* InterpersonalRelationsPlatform.app */;
			productType = "com.apple.product-type.application";
		};
		BB654AC719F11F7F00532038 /* InterpersonalRelationsPlatformTests */ = {
			isa = PBXNativeTarget;
			buildConfigurationList = BB654ADD19F11F7F00532038 /* Build configuration list for PBXNativeTarget "InterpersonalRelationsPlatformTests" */;
			buildPhases = (
				BB654AC419F11F7F00532038 /* Sources */,
				BB654AC519F11F7F00532038 /* Frameworks */,
				BB654AC619F11F7F00532038 /* Resources */,
			);
			buildRules = (
			);
			dependencies = (
				BB654ACF19F11F7F00532038 /* PBXTargetDependency */,
			);
			name = InterpersonalRelationsPlatformTests;
			productName = InterpersonalRelationsPlatformTests;
			productReference = BB654AC819F11F7F00532038 /* InterpersonalRelationsPlatformTests.xctest */;
			productType = "com.apple.product-type.bundle.unit-test";
		};
/* End PBXNativeTarget section */

/* Begin PBXProject section */
		BB654AA019F11F7F00532038 /* Project object */ = {
			isa = PBXProject;
			attributes = {
				CLASSPREFIX = HDL;
				LastUpgradeCheck = 0510;
				ORGANIZATIONNAME = Ibokan;
				TargetAttributes = {
					BB654AC719F11F7F00532038 = {
						TestTargetID = BB654AA719F11F7F00532038;
					};
				};
			};
			buildConfigurationList = BB654AA319F11F7F00532038 /* Build configuration list for PBXProject "InterpersonalRelationsPlatform" */;
			compatibilityVersion = "Xcode 3.2";
			developmentRegion = English;
			hasScannedForEncodings = 0;
			knownRegions = (
				en,
			);
			mainGroup = BB654A9F19F11F7F00532038;
			productRefGroup = BB654AA919F11F7F00532038 /* Products */;
			projectDirPath = "";
			projectRoot = "";
			targets = (
				BB654AA719F11F7F00532038 /* InterpersonalRelationsPlatform */,
				BB654AC719F11F7F00532038 /* InterpersonalRelationsPlatformTests */,
			);
		};
/* End PBXProject section */

/* Begin PBXResourcesBuildPhase section */
		BB654AA619F11F7F00532038 /* Resources */ = {
			isa = PBXResourcesBuildPhase;
			buildActionMask = 2147483647;
			files = (
				0FA8B04419F2520A005F960A /* btn_maintab_message_nor@2x.png in Resources */,
				0FA8B03D19F2520A005F960A /* btn_maintab_explore_press@2x.png in Resources */,
				0FA8B02719F2515D005F960A /* DataViewController.xib in Resources */,
				0FA8B04319F2520A005F960A /* btn_maintab_me_male_press@2x.png in Resources */,
				0FA8B00E19F25123005F960A /* aTableViewCell.xib in Resources */,
				BB654AB819F11F7F00532038 /* InfoPlist.strings in Resources */,
				B4A5DF8919F25138006EA419 /* TestViewController.xib in Resources */,
				BB654AF819F1229200532038 /* btn_maintab_message_press@2x.png in Resources */,
				BB654AF619F1229200532038 /* btn_maintab_me_male_press@2x.png in Resources */,
				BB654AF419F1229200532038 /* btn_maintab_me_female_press@2x.png in Resources */,
				BB654AEF19F1229200532038 /* btn_maintab_explore_nor@2x.png in Resources */,
				BB654AF719F1229200532038 /* btn_maintab_message_nor@2x.png in Resources */,
				BB654AC319F11F7F00532038 /* Images.xcassets in Resources */,
				0FA8B03119F251FE005F960A /* btn_twisper_detailview_more_nor@2x.png in Resources */,
				0FA8B04119F2520A005F960A /* btn_maintab_me_female_press@2x.png in Resources */,
				0FA8B01619F25143005F960A /* HomeViewController.xib in Resources */,
				0FA8B03019F251FE005F960A /* ic_like_press_mt@2x.png in Resources */,
				0FA8B03C19F2520A005F960A /* btn_maintab_explore_nor@2x.png in Resources */,
				0FA8B01819F25143005F960A /* SendEmailsViewController.xib in Resources */,
				0FA8B03F19F2520A005F960A /* btn_maintab_home_press@2x.png in Resources */,
				0FA8B04219F2520A005F960A /* btn_maintab_me_male_nor@2x.png in Resources */,
			);
			runOnlyForDeploymentPostprocessing = 0;
		};
		BB654AC619F11F7F00532038 /* Resources */ = {
			isa = PBXResourcesBuildPhase;
			buildActionMask = 2147483647;
			files = (
				BB654AD519F11F7F00532038 /* InfoPlist.strings in Resources */,
			);
			runOnlyForDeploymentPostprocessing = 0;
		};
/* End PBXResourcesBuildPhase section */

/* Begin PBXSourcesBuildPhase section */
		BB654AA419F11F7F00532038 /* Sources */ = {
			isa = PBXSourcesBuildPhase;
			buildActionMask = 2147483647;
			files = (
				0FA8B00519F2507F005F960A /* XNTabBarViewController.m in Sources */,
				0FA8B05F19F25244005F960A /* MJRefreshHeaderView.m in Sources */,
				BB654AC119F11F7F00532038 /* InterpersonalRelationsPlatform.xcdatamodeld in Sources */,
				0FA8B05E19F25244005F960A /* MJRefreshFooterView.m in Sources */,
				0FA8B01719F25143005F960A /* SendEmailsViewController.m in Sources */,
				0FA8B02619F2515D005F960A /* DataViewController.m in Sources */,
				BB654ABA19F11F7F00532038 /* main.m in Sources */,
				B4A5DF8819F25138006EA419 /* TestViewController.m in Sources */,
				B4A5DF8C19F251A0006EA419 /* DataInterface.m in Sources */,
				BB654ABE19F11F7F00532038 /* HDLAppDelegate.m in Sources */,
				0FA8B05D19F25244005F960A /* MJRefreshConst.m in Sources */,
				0FA8B06119F25244005F960A /* UIScrollView+MJRefresh.m in Sources */,
				0FA8B06219F25244005F960A /* UIView+MJExtension.m in Sources */,
				0FA8B01C19F2514F005F960A /* MessageViewController.m in Sources */,
				0FA8B01519F25143005F960A /* HomeViewController.m in Sources */,
				0FA8B02119F25155005F960A /* QuareViewController.m in Sources */,
			);
			runOnlyForDeploymentPostprocessing = 0;
		};
		BB654AC419F11F7F00532038 /* Sources */ = {
			isa = PBXSourcesBuildPhase;
			buildActionMask = 2147483647;
			files = (
				BB654AD719F11F7F00532038 /* InterpersonalRelationsPlatformTests.m in Sources */,
			);
			runOnlyForDeploymentPostprocessing = 0;
		};
/* End PBXSourcesBuildPhase section */

/* Begin PBXTargetDependency section */
		BB654ACF19F11F7F00532038 /* PBXTargetDependency */ = {
			isa = PBXTargetDependency;
			target = BB654AA719F11F7F00532038 /* InterpersonalRelationsPlatform */;
			targetProxy = BB654ACE19F11F7F00532038 /* PBXContainerItemProxy */;
		};
/* End PBXTargetDependency section */

/* Begin PBXVariantGroup section */
		BB654AB619F11F7F00532038 /* InfoPlist.strings */ = {
			isa = PBXVariantGroup;
			children = (
				BB654AB719F11F7F00532038 /* en */,
			);
			name = InfoPlist.strings;
			sourceTree = "<group>";
		};
		BB654AD319F11F7F00532038 /* InfoPlist.strings */ = {
			isa = PBXVariantGroup;
			children = (
				BB654AD419F11F7F00532038 /* en */,
			);
			name = InfoPlist.strings;
			sourceTree = "<group>";
		};
/* End PBXVariantGroup section */

/* Begin XCBuildConfiguration section */
		BB654AD819F11F7F00532038 /* Debug */ = {
			isa = XCBuildConfiguration;
			buildSettings = {
				ALWAYS_SEARCH_USER_PATHS = NO;
				CLANG_CXX_LANGUAGE_STANDARD = "gnu++0x";
				CLANG_CXX_LIBRARY = "libc++";
				CLANG_ENABLE_MODULES = YES;
				CLANG_ENABLE_OBJC_ARC = YES;
				CLANG_WARN_BOOL_CONVERSION = YES;
				CLANG_WARN_CONSTANT_CONVERSION = YES;
				CLANG_WARN_DIRECT_OBJC_ISA_USAGE = YES_ERROR;
				CLANG_WARN_EMPTY_BODY = YES;
				CLANG_WARN_ENUM_CONVERSION = YES;
				CLANG_WARN_INT_CONVERSION = YES;
				CLANG_WARN_OBJC_ROOT_CLASS = YES_ERROR;
				CLANG_WARN__DUPLICATE_METHOD_MATCH = YES;
				"CODE_SIGN_IDENTITY[sdk=iphoneos*]" = "iPhone Developer";
				COPY_PHASE_STRIP = NO;
				GCC_C_LANGUAGE_STANDARD = gnu99;
				GCC_DYNAMIC_NO_PIC = NO;
				GCC_OPTIMIZATION_LEVEL = 0;
				GCC_PREPROCESSOR_DEFINITIONS = (
					"DEBUG=1",
					"$(inherited)",
				);
				GCC_SYMBOLS_PRIVATE_EXTERN = NO;
				GCC_WARN_64_TO_32_BIT_CONVERSION = YES;
				GCC_WARN_ABOUT_RETURN_TYPE = YES_ERROR;
				GCC_WARN_UNDECLARED_SELECTOR = YES;
				GCC_WARN_UNINITIALIZED_AUTOS = YES_AGGRESSIVE;
				GCC_WARN_UNUSED_FUNCTION = YES;
				GCC_WARN_UNUSED_VARIABLE = YES;
				IPHONEOS_DEPLOYMENT_TARGET = 7.1;
				ONLY_ACTIVE_ARCH = YES;
				SDKROOT = iphoneos;
			};
			name = Debug;
		};
		BB654AD919F11F7F00532038 /* Release */ = {
			isa = XCBuildConfiguration;
			buildSettings = {
				ALWAYS_SEARCH_USER_PATHS = NO;
				CLANG_CXX_LANGUAGE_STANDARD = "gnu++0x";
				CLANG_CXX_LIBRARY = "libc++";
				CLANG_ENABLE_MODULES = YES;
				CLANG_ENABLE_OBJC_ARC = YES;
				CLANG_WARN_BOOL_CONVERSION = YES;
				CLANG_WARN_CONSTANT_CONVERSION = YES;
				CLANG_WARN_DIRECT_OBJC_ISA_USAGE = YES_ERROR;
				CLANG_WARN_EMPTY_BODY = YES;
				CLANG_WARN_ENUM_CONVERSION = YES;
				CLANG_WARN_INT_CONVERSION = YES;
				CLANG_WARN_OBJC_ROOT_CLASS = YES_ERROR;
				CLANG_WARN__DUPLICATE_METHOD_MATCH = YES;
				"CODE_SIGN_IDENTITY[sdk=iphoneos*]" = "iPhone Developer";
				COPY_PHASE_STRIP = YES;
				ENABLE_NS_ASSERTIONS = NO;
				GCC_C_LANGUAGE_STANDARD = gnu99;
				GCC_WARN_64_TO_32_BIT_CONVERSION = YES;
				GCC_WARN_ABOUT_RETURN_TYPE = YES_ERROR;
				GCC_WARN_UNDECLARED_SELECTOR = YES;
				GCC_WARN_UNINITIALIZED_AUTOS = YES_AGGRESSIVE;
				GCC_WARN_UNUSED_FUNCTION = YES;
				GCC_WARN_UNUSED_VARIABLE = YES;
				IPHONEOS_DEPLOYMENT_TARGET = 7.1;
				SDKROOT = iphoneos;
				VALIDATE_PRODUCT = YES;
			};
			name = Release;
		};
		BB654ADB19F11F7F00532038 /* Debug */ = {
			isa = XCBuildConfiguration;
			buildSettings = {
				ASSETCATALOG_COMPILER_APPICON_NAME = AppIcon;
				ASSETCATALOG_COMPILER_LAUNCHIMAGE_NAME = LaunchImage;
				GCC_PRECOMPILE_PREFIX_HEADER = YES;
				GCC_PREFIX_HEADER = "InterpersonalRelationsPlatform/InterpersonalRelationsPlatform-Prefix.pch";
				INFOPLIST_FILE = "InterpersonalRelationsPlatform/InterpersonalRelationsPlatform-Info.plist";
				LIBRARY_SEARCH_PATHS = (
					"$(inherited)",
					"$(PROJECT_DIR)/InterpersonalRelationsPlatform/TCWeiboSDK/lib",
					"$(PROJECT_DIR)/InterpersonalRelationsPlatform",
				);
				PRODUCT_NAME = "$(TARGET_NAME)";
				WRAPPER_EXTENSION = app;
			};
			name = Debug;
		};
		BB654ADC19F11F7F00532038 /* Release */ = {
			isa = XCBuildConfiguration;
			buildSettings = {
				ASSETCATALOG_COMPILER_APPICON_NAME = AppIcon;
				ASSETCATALOG_COMPILER_LAUNCHIMAGE_NAME = LaunchImage;
				GCC_PRECOMPILE_PREFIX_HEADER = YES;
				GCC_PREFIX_HEADER = "InterpersonalRelationsPlatform/InterpersonalRelationsPlatform-Prefix.pch";
				INFOPLIST_FILE = "InterpersonalRelationsPlatform/InterpersonalRelationsPlatform-Info.plist";
				LIBRARY_SEARCH_PATHS = (
					"$(inherited)",
					"$(PROJECT_DIR)/InterpersonalRelationsPlatform/TCWeiboSDK/lib",
					"$(PROJECT_DIR)/InterpersonalRelationsPlatform",
				);
				PRODUCT_NAME = "$(TARGET_NAME)";
				WRAPPER_EXTENSION = app;
			};
			name = Release;
		};
		BB654ADE19F11F7F00532038 /* Debug */ = {
			isa = XCBuildConfiguration;
			buildSettings = {
				BUNDLE_LOADER = "$(BUILT_PRODUCTS_DIR)/InterpersonalRelationsPlatform.app/InterpersonalRelationsPlatform";
				FRAMEWORK_SEARCH_PATHS = (
					"$(SDKROOT)/Developer/Library/Frameworks",
					"$(inherited)",
					"$(DEVELOPER_FRAMEWORKS_DIR)",
				);
				GCC_PRECOMPILE_PREFIX_HEADER = YES;
				GCC_PREFIX_HEADER = "InterpersonalRelationsPlatform/InterpersonalRelationsPlatform-Prefix.pch";
				GCC_PREPROCESSOR_DEFINITIONS = (
					"DEBUG=1",
					"$(inherited)",
				);
				INFOPLIST_FILE = "InterpersonalRelationsPlatformTests/InterpersonalRelationsPlatformTests-Info.plist";
				PRODUCT_NAME = "$(TARGET_NAME)";
				TEST_HOST = "$(BUNDLE_LOADER)";
				WRAPPER_EXTENSION = xctest;
			};
			name = Debug;
		};
		BB654ADF19F11F7F00532038 /* Release */ = {
			isa = XCBuildConfiguration;
			buildSettings = {
				BUNDLE_LOADER = "$(BUILT_PRODUCTS_DIR)/InterpersonalRelationsPlatform.app/InterpersonalRelationsPlatform";
				FRAMEWORK_SEARCH_PATHS = (
					"$(SDKROOT)/Developer/Library/Frameworks",
					"$(inherited)",
					"$(DEVELOPER_FRAMEWORKS_DIR)",
				);
				GCC_PRECOMPILE_PREFIX_HEADER = YES;
				GCC_PREFIX_HEADER = "InterpersonalRelationsPlatform/InterpersonalRelationsPlatform-Prefix.pch";
				INFOPLIST_FILE = "InterpersonalRelationsPlatformTests/InterpersonalRelationsPlatformTests-Info.plist";
				PRODUCT_NAME = "$(TARGET_NAME)";
				TEST_HOST = "$(BUNDLE_LOADER)";
				WRAPPER_EXTENSION = xctest;
			};
			name = Release;
		};
/* End XCBuildConfiguration section */

/* Begin XCConfigurationList section */
		BB654AA319F11F7F00532038 /* Build configuration list for PBXProject "InterpersonalRelationsPlatform" */ = {
			isa = XCConfigurationList;
			buildConfigurations = (
				BB654AD819F11F7F00532038 /* Debug */,
				BB654AD919F11F7F00532038 /* Release */,
			);
			defaultConfigurationIsVisible = 0;
			defaultConfigurationName = Release;
		};
		BB654ADA19F11F7F00532038 /* Build configuration list for PBXNativeTarget "InterpersonalRelationsPlatform" */ = {
			isa = XCConfigurationList;
			buildConfigurations = (
				BB654ADB19F11F7F00532038 /* Debug */,
				BB654ADC19F11F7F00532038 /* Release */,
			);
			defaultConfigurationIsVisible = 0;
			defaultConfigurationName = Release;
		};
		BB654ADD19F11F7F00532038 /* Build configuration list for PBXNativeTarget "InterpersonalRelationsPlatformTests" */ = {
			isa = XCConfigurationList;
			buildConfigurations = (
				BB654ADE19F11F7F00532038 /* Debug */,
				BB654ADF19F11F7F00532038 /* Release */,
			);
			defaultConfigurationIsVisible = 0;
			defaultConfigurationName = Release;
		};
/* End XCConfigurationList section */

/* Begin XCVersionGroup section */
		BB654ABF19F11F7F00532038 /* InterpersonalRelationsPlatform.xcdatamodeld */ = {
			isa = XCVersionGroup;
			children = (
				BB654AC019F11F7F00532038 /* InterpersonalRelationsPlatform.xcdatamodel */,
			);
			currentVersion = BB654AC019F11F7F00532038 /* InterpersonalRelationsPlatform.xcdatamodel */;
			path = InterpersonalRelationsPlatform.xcdatamodeld;
			sourceTree = "<group>";
			versionGroupType = wrapper.xcdatamodel;
		};
/* End XCVersionGroup section */
	};
	rootObject = BB654AA019F11F7F00532038 /* Project object */;
}
